<?xml version="1.0" encoding="utf-8"?>
<Project ToolsVersion="4.0" xmlns="http://schemas.microsoft.com/developer/msbuild/2003">
  <ItemGroup>
    <Filter Include="Source Files">
      <UniqueIdentifier>{4FC737F1-C7A5-4376-A066-2A32D752A2FF}</UniqueIdentifier>
      <Extensions>cpp;c;cc;cxx;def;odl;idl;hpj;bat;asm;asmx</Extensions>
    </Filter>
    <Filter Include="Header Files">
      <UniqueIdentifier>{93995380-89BD-4b04-88EB-625FBE52EBFB}</UniqueIdentifier>
      <Extensions>h;hpp;hxx;hm;inl;inc;xsd</Extensions>
    </Filter>
  </ItemGroup>
  <ItemGroup>
    <ClCompile Include="source\FlashControl.cpp">
      <Filter>Source Files</Filter>
    </ClCompile>
    <ClCompile Include="source\FlashValue.cpp">
      <Filter>Source Files</Filter>
    </ClCompile>
    <ClCompile Include="source\Hikari.cpp">
      <Filter>Source Files</Filter>
    </ClCompile>
    <ClCompile Include="source\KeyboardHook.cpp">
      <Filter>Source Files</Filter>
    </ClCompile>
    <ClCompile Include="source\Position.cpp">
      <Filter>Source Files</Filter>
    </ClCompile>
    <ClCompile Include="source\RenderBuffer.cpp">
      <Filter>Source Files</Filter>
    </ClCompile>
    <ClCompile Include="source\ViewportOverlay.cpp">
      <Filter>Source Files</Filter>
    </ClCompile>
  </ItemGroup>
  <ItemGroup>
    <ClInclude Include="include\Delegate.h">
      <Filter>Header Files</Filter>
    </ClInclude>
    <ClInclude Include="include\FlashControl.h">
      <Filter>Header Files</Filter>
    </ClInclude>
    <ClInclude Include="include\impl\FlashHandler.h">
      <Filter>Header Files</Filter>
    </ClInclude>
    <ClInclude Include="include\impl\FlashSite.h">
      <Filter>Header Files</Filter>
    </ClInclude>
    <ClInclude Include="include\FlashValue.h">
      <Filter>Header Files</Filter>
    </ClInclude>
    <ClInclude Include="include\Hikari.h">
      <Filter>Header Files</Filter>
    </ClInclude>
    <ClInclude Include="include\HikariPlatform.h">
      <Filter>Header Files</Filter>
    </ClInclude>
    <ClInclude Include="include\impl\KeyboardHook.h">
      <Filter>Header Files</Filter>
    </ClInclude>
    <ClInclude Include="include\Position.h">
      <Filter>Header Files</Filter>
    </ClInclude>
    <ClInclude Include="include\impl\RenderBuffer.h">
      <Filter>Header Files</Filter>
    </ClInclude>
    <ClInclude Include="include\impl\ViewportOverlay.h">
      <Filter>Header Files</Filter>
    </ClInclude>
  </ItemGroup>
</Project>