<?xml version="1.0" encoding="utf-8"?>
<Project ToolsVersion="4.0" xmlns="http://schemas.microsoft.com/developer/msbuild/2003">
  <ItemGroup>
    <Filter Include="Maps">
      <UniqueIdentifier>{ca38a90d-e0c2-43cb-84f4-3492d4693f17}</UniqueIdentifier>
    </Filter>
    <Filter Include="Maps\Source Files">
      <UniqueIdentifier>{dd68b4c5-41da-4e9d-b064-4ae065e3ccef}</UniqueIdentifier>
    </Filter>
    <Filter Include="Maps\Header Files">
      <UniqueIdentifier>{320db237-96cd-4066-90fc-d696d208ff57}</UniqueIdentifier>
    </Filter>
    <Filter Include="Entity">
      <UniqueIdentifier>{05994364-9d20-405c-8c14-2757dfa1104b}</UniqueIdentifier>
    </Filter>
    <Filter Include="Entity\Source Files">
      <UniqueIdentifier>{0e8edd8a-2878-4e33-9aa8-bcf3b46137d4}</UniqueIdentifier>
    </Filter>
    <Filter Include="Entity\Header Files">
      <UniqueIdentifier>{93995380-89BD-4b04-88EB-625FBE52EBFB}</UniqueIdentifier>
      <Extensions>h;hpp;hxx;hm;inl;inc;xsd</Extensions>
    </Filter>
    <Filter Include="Entity\Components">
      <UniqueIdentifier>{e9ceafce-bc53-40d2-a4a3-6ebdb6c987aa}</UniqueIdentifier>
    </Filter>
    <Filter Include="Entity\Components\Source Files">
      <UniqueIdentifier>{0d3eb664-af15-498e-9e00-23d67b9c271e}</UniqueIdentifier>
    </Filter>
    <Filter Include="Entity\Components\Header Files">
      <UniqueIdentifier>{40d43982-4d6f-4a4a-b427-ce5753f432e3}</UniqueIdentifier>
    </Filter>
    <Filter Include="Messages">
      <UniqueIdentifier>{4e179dc2-b36c-453e-be46-be0147457b46}</UniqueIdentifier>
    </Filter>
    <Filter Include="Messages\Header">
      <UniqueIdentifier>{e1de2851-de2c-4559-8448-6d89eea66736}</UniqueIdentifier>
    </Filter>
    <Filter Include="Messages\Source">
      <UniqueIdentifier>{95c95c1a-83ed-47e0-9ce4-173333221a5f}</UniqueIdentifier>
    </Filter>
  </ItemGroup>
  <ItemGroup>
    <ClCompile Include="..\..\Src\Logic\Maps\ComponentFactory.cpp">
      <Filter>Maps\Source Files</Filter>
    </ClCompile>
    <ClCompile Include="..\..\Src\Logic\Maps\EntityFactory.cpp">
      <Filter>Maps\Source Files</Filter>
    </ClCompile>
    <ClCompile Include="..\..\Src\Logic\Maps\EntityID.cpp">
      <Filter>Maps\Source Files</Filter>
    </ClCompile>
    <ClCompile Include="..\..\Src\Logic\Maps\Map.cpp">
      <Filter>Maps\Source Files</Filter>
    </ClCompile>
    <ClCompile Include="..\..\Src\Logic\Entity\CommunicationPort.cpp">
      <Filter>Entity\Source Files</Filter>
    </ClCompile>
    <ClCompile Include="..\..\Src\Logic\Entity\Component.cpp">
      <Filter>Entity\Source Files</Filter>
    </ClCompile>
    <ClCompile Include="..\..\Src\Logic\Entity\Entity.cpp">
      <Filter>Entity\Source Files</Filter>
    </ClCompile>
    <ClCompile Include="..\..\Src\Logic\Server.cpp">
      <Filter>Maps\Source Files</Filter>
    </ClCompile>
    <ClCompile Include="..\..\Src\Logic\Entity\Components\AnimatedGraphics.cpp">
      <Filter>Entity\Components\Source Files</Filter>
    </ClCompile>
    <ClCompile Include="..\..\Src\Logic\Entity\Components\SwitchTrigger.cpp">
      <Filter>Entity\Components\Source Files</Filter>
    </ClCompile>
    <ClCompile Include="..\..\Src\Logic\Entity\Components\AvatarController.cpp">
      <Filter>Entity\Components\Source Files</Filter>
    </ClCompile>
    <ClCompile Include="..\..\Src\Logic\Entity\Components\Camera.cpp">
      <Filter>Entity\Components\Source Files</Filter>
    </ClCompile>
    <ClCompile Include="..\..\Src\Logic\Entity\Components\DamageTrigger.cpp">
      <Filter>Entity\Components\Source Files</Filter>
    </ClCompile>
    <ClCompile Include="..\..\Src\Logic\Entity\Components\Graphics.cpp">
      <Filter>Entity\Components\Source Files</Filter>
    </ClCompile>
    <ClCompile Include="..\..\Src\Logic\Entity\Components\Life.cpp">
      <Filter>Entity\Components\Source Files</Filter>
    </ClCompile>
    <ClCompile Include="..\..\Src\Logic\Entity\Components\PhysicEntity.cpp">
      <Filter>Entity\Components\Source Files</Filter>
    </ClCompile>
    <ClCompile Include="..\..\Src\Logic\Entity\Components\SwitchPosition.cpp">
      <Filter>Entity\Components\Source Files</Filter>
    </ClCompile>
    <ClCompile Include="..\..\Src\Logic\Entity\Components\PhysicController.cpp">
      <Filter>Entity\Components\Source Files</Filter>
    </ClCompile>
    <ClCompile Include="..\..\Src\Logic\Maps\IIdentifier.cpp">
      <Filter>Entity\Source Files</Filter>
    </ClCompile>
    <ClCompile Include="..\..\Src\Logic\Maps\ComponentID.cpp">
      <Filter>Entity\Source Files</Filter>
    </ClCompile>
    <ClCompile Include="..\..\Src\Logic\Entity\Components\NetConnector.cpp">
      <Filter>Entity\Components\Source Files</Filter>
    </ClCompile>
    <ClCompile Include="..\..\Src\Logic\GameNetMsgManager.cpp">
      <Filter>Maps\Source Files</Filter>
    </ClCompile>
    <ClCompile Include="..\..\Src\Logic\Entity\Components\ArrayGraphics.cpp">
      <Filter>Entity\Components\Source Files</Filter>
    </ClCompile>
    <ClCompile Include="..\..\Src\Logic\Entity\Components\WeaponsManager.cpp">
      <Filter>Entity\Components\Source Files</Filter>
    </ClCompile>
    <ClCompile Include="..\..\Src\Logic\Entity\Components\ShootShotGun.cpp">
      <Filter>Entity\Components\Source Files</Filter>
    </ClCompile>
    <ClCompile Include="..\..\Src\Logic\Entity\Components\ShootMiniGun.cpp">
      <Filter>Entity\Components\Source Files</Filter>
    </ClCompile>
    <ClCompile Include="..\..\Src\Logic\Messages\Message.cpp">
      <Filter>Messages\Source</Filter>
    </ClCompile>
    <ClCompile Include="..\..\Src\Logic\Messages\MessageCollisionDown.cpp">
      <Filter>Messages\Source</Filter>
    </ClCompile>
    <ClCompile Include="..\..\Src\Logic\Messages\MessageAvatarWalk.cpp">
      <Filter>Messages\Source</Filter>
    </ClCompile>
    <ClCompile Include="..\..\Src\Logic\Messages\MessageChangeWeapon.cpp">
      <Filter>Messages\Source</Filter>
    </ClCompile>
    <ClCompile Include="..\..\Src\Logic\Messages\MessageChangeWeaponGraphics.cpp">
      <Filter>Messages\Source</Filter>
    </ClCompile>
    <ClCompile Include="..\..\Src\Logic\Messages\MessageControl.cpp">
      <Filter>Messages\Source</Filter>
    </ClCompile>
    <ClCompile Include="..\..\Src\Logic\Messages\MessageDamaged.cpp">
      <Filter>Messages\Source</Filter>
    </ClCompile>
    <ClCompile Include="..\..\Src\Logic\Messages\MessageKinematicMove.cpp">
      <Filter>Messages\Source</Filter>
    </ClCompile>
    <ClCompile Include="..\..\Src\Logic\Messages\MessageMouse.cpp">
      <Filter>Messages\Source</Filter>
    </ClCompile>
    <ClCompile Include="..\..\Src\Logic\Messages\MessageSetAnimation.cpp">
      <Filter>Messages\Source</Filter>
    </ClCompile>
    <ClCompile Include="..\..\Src\Logic\Messages\MessageStopAnimation.cpp">
      <Filter>Messages\Source</Filter>
    </ClCompile>
    <ClCompile Include="..\..\Src\Logic\Messages\MessageSwitch.cpp">
      <Filter>Messages\Source</Filter>
    </ClCompile>
    <ClCompile Include="..\..\Src\Logic\Messages\MessageTouched.cpp">
      <Filter>Messages\Source</Filter>
    </ClCompile>
    <ClCompile Include="..\..\Src\Logic\Messages\MessageTransform.cpp">
      <Filter>Messages\Source</Filter>
    </ClCompile>
    <ClCompile Include="..\..\Src\Logic\Messages\MessageUntouched.cpp">
      <Filter>Messages\Source</Filter>
    </ClCompile>
    <ClCompile Include="..\..\Src\Logic\Entity\MessageFactory.cpp">
      <Filter>Entity\Source Files</Filter>
    </ClCompile>
    <ClCompile Include="..\..\Src\Logic\Messages\MessageRebound.cpp">
      <Filter>Messages\Source</Filter>
    </ClCompile>
    <ClCompile Include="..\..\Src\Logic\Entity\Components\Shoot.cpp">
      <Filter>Entity\Components\Source Files</Filter>
    </ClCompile>
    <ClCompile Include="..\..\Src\Logic\Entity\Components\HudOverlay.cpp">
      <Filter>Entity\Components\Source Files</Filter>
    </ClCompile>
    <ClCompile Include="..\..\Src\Logic\Entity\Components\ShootHammer.cpp">
      <Filter>Entity\Components\Source Files</Filter>
    </ClCompile>
    <ClCompile Include="..\..\Src\Logic\Messages\MessageHudLife.cpp">
      <Filter>Messages\Source</Filter>
    </ClCompile>
    <ClCompile Include="..\..\Src\Logic\Messages\MessageHudShield.cpp">
      <Filter>Messages\Source</Filter>
    </ClCompile>
    <ClCompile Include="..\..\Src\Logic\Messages\MessageAddLife.cpp">
      <Filter>Messages\Source</Filter>
    </ClCompile>
    <ClCompile Include="..\..\Src\Logic\Messages\MessageAddShield.cpp">
      <Filter>Messages\Source</Filter>
    </ClCompile>
    <ClCompile Include="..\..\Src\Logic\Entity\Components\FloatingMovement.cpp">
      <Filter>Entity\Components\Source Files</Filter>
    </ClCompile>
    <ClCompile Include="..\..\Src\Logic\Entity\Components\SpawnItemManager.cpp">
      <Filter>Entity\Components\Source Files</Filter>
    </ClCompile>
    <ClCompile Include="..\..\Src\Logic\Messages\MessagePlayerDead.cpp">
      <Filter>Messages\Source</Filter>
    </ClCompile>
    <ClCompile Include="..\..\Src\Logic\Messages\MessageHudAmmo.cpp">
      <Filter>Messages\Source</Filter>
    </ClCompile>
    <ClCompile Include="..\..\Src\Logic\Messages\MessageHudWeapon.cpp">
      <Filter>Messages\Source</Filter>
    </ClCompile>
    <ClCompile Include="..\..\Src\Logic\Messages\MessageAddAmmo.cpp">
      <Filter>Messages\Source</Filter>
    </ClCompile>
    <ClCompile Include="..\..\Src\Logic\Messages\MessageAddWeapon.cpp">
      <Filter>Messages\Source</Filter>
    </ClCompile>
    <ClCompile Include="..\..\Src\Logic\Entity\Components\SpawnPlayer.cpp">
      <Filter>Entity\Components\Source Files</Filter>
    </ClCompile>
    <ClCompile Include="..\..\Src\Logic\Messages\MessageSetPhysicPosition.cpp">
      <Filter>Messages\Source</Filter>
    </ClCompile>
    <ClCompile Include="..\..\Src\Logic\GameSpawnManager.cpp">
      <Filter>Maps\Source Files</Filter>
    </ClCompile>
    <ClCompile Include="..\..\Src\Logic\Messages\MessageHudSpawn.cpp">
      <Filter>Messages\Source</Filter>
    </ClCompile>
    <ClCompile Include="..\..\Src\Logic\Messages\MessageCameraToEnemy.cpp">
      <Filter>Messages\Source</Filter>
    </ClCompile>
  </ItemGroup>
  <ItemGroup>
    <ClInclude Include="..\..\Src\Logic\Maps\ComponentFactory.h">
      <Filter>Maps\Header Files</Filter>
    </ClInclude>
    <ClInclude Include="..\..\Src\Logic\Maps\Documentation.h">
      <Filter>Maps\Header Files</Filter>
    </ClInclude>
    <ClInclude Include="..\..\Src\Logic\Maps\EntityFactory.h">
      <Filter>Maps\Header Files</Filter>
    </ClInclude>
    <ClInclude Include="..\..\Src\Logic\Maps\EntityID.h">
      <Filter>Maps\Header Files</Filter>
    </ClInclude>
    <ClInclude Include="..\..\Src\Logic\Maps\Map.h">
      <Filter>Maps\Header Files</Filter>
    </ClInclude>
    <ClInclude Include="..\..\Src\Logic\Entity\CommunicationPort.h">
      <Filter>Entity\Header Files</Filter>
    </ClInclude>
    <ClInclude Include="..\..\Src\Logic\Entity\Component.h">
      <Filter>Entity\Header Files</Filter>
    </ClInclude>
    <ClInclude Include="..\..\Src\Logic\Entity\Documentation.h">
      <Filter>Entity\Header Files</Filter>
    </ClInclude>
    <ClInclude Include="..\..\Src\Logic\Entity\Entity.h">
      <Filter>Entity\Header Files</Filter>
    </ClInclude>
    <ClInclude Include="..\..\Src\Logic\Entity\Components\AnimatedGraphics.h">
      <Filter>Entity\Components\Header Files</Filter>
    </ClInclude>
    <ClInclude Include="..\..\Src\Logic\Entity\Components\AvatarController.h">
      <Filter>Entity\Components\Header Files</Filter>
    </ClInclude>
    <ClInclude Include="..\..\Src\Logic\Entity\Components\Camera.h">
      <Filter>Entity\Components\Header Files</Filter>
    </ClInclude>
    <ClInclude Include="..\..\Src\Logic\Entity\Components\Graphics.h">
      <Filter>Entity\Components\Header Files</Filter>
    </ClInclude>
    <ClInclude Include="..\..\Src\Logic\Documentation.h">
      <Filter>Maps\Header Files</Filter>
    </ClInclude>
    <ClInclude Include="..\..\Src\Logic\Server.h">
      <Filter>Maps\Header Files</Filter>
    </ClInclude>
    <ClInclude Include="..\..\Src\Logic\Entity\Components\DamageTrigger.h">
      <Filter>Entity\Components\Header Files</Filter>
    </ClInclude>
    <ClInclude Include="..\..\Src\Logic\Entity\Components\Life.h">
      <Filter>Entity\Components\Header Files</Filter>
    </ClInclude>
    <ClInclude Include="..\..\Src\Logic\Entity\Components\PhysicEntity.h">
      <Filter>Entity\Components\Header Files</Filter>
    </ClInclude>
    <ClInclude Include="..\..\Src\Logic\Entity\Components\SwitchPosition.h">
      <Filter>Entity\Components\Header Files</Filter>
    </ClInclude>
    <ClInclude Include="..\..\Src\Logic\Entity\Components\SwitchTrigger.h">
      <Filter>Entity\Components\Header Files</Filter>
    </ClInclude>
    <ClInclude Include="..\..\Src\Logic\Entity\Components\PhysicController.h">
      <Filter>Entity\Components\Header Files</Filter>
    </ClInclude>
    <ClInclude Include="..\..\Src\Logic\Entity\Components\Physics.h">
      <Filter>Entity\Components\Header Files</Filter>
    </ClInclude>
    <ClInclude Include="..\..\Src\Logic\Maps\ComponentID.h">
      <Filter>Entity\Header Files</Filter>
    </ClInclude>
    <ClInclude Include="..\..\Src\Logic\Maps\IIdentifier.h">
      <Filter>Entity\Header Files</Filter>
    </ClInclude>
    <ClInclude Include="..\..\Src\Logic\Entity\Components\NetConnector.h">
      <Filter>Entity\Components\Header Files</Filter>
    </ClInclude>
    <ClInclude Include="..\..\Src\Logic\GameNetMsgManager.h">
      <Filter>Maps\Header Files</Filter>
    </ClInclude>
    <ClInclude Include="..\..\Src\Logic\Entity\Components\ArrayGraphics.h">
      <Filter>Entity\Components\Header Files</Filter>
    </ClInclude>
    <ClInclude Include="..\..\Src\Logic\Entity\Components\WeaponsManager.h">
      <Filter>Entity\Components\Header Files</Filter>
    </ClInclude>
    <ClInclude Include="..\..\Src\Logic\Entity\Components\ShootShotGun.h">
      <Filter>Entity\Components\Header Files</Filter>
    </ClInclude>
    <ClInclude Include="..\..\Src\Logic\Entity\Components\ShootMiniGun.h">
      <Filter>Entity\Components\Header Files</Filter>
    </ClInclude>
    <ClInclude Include="..\..\Src\Logic\Messages\Message.h">
      <Filter>Messages\Header</Filter>
    </ClInclude>
    <ClInclude Include="..\..\Src\Logic\Messages\MessageCollisionDown.h">
      <Filter>Messages\Header</Filter>
    </ClInclude>
    <ClInclude Include="..\..\Src\Logic\Messages\MessageAvatarWalk.h">
      <Filter>Messages\Header</Filter>
    </ClInclude>
    <ClInclude Include="..\..\Src\Logic\Messages\MessageChangeWeapon.h">
      <Filter>Messages\Header</Filter>
    </ClInclude>
    <ClInclude Include="..\..\Src\Logic\Messages\MessageChangeWeaponGraphics.h">
      <Filter>Messages\Header</Filter>
    </ClInclude>
    <ClInclude Include="..\..\Src\Logic\Messages\MessageControl.h">
      <Filter>Messages\Header</Filter>
    </ClInclude>
    <ClInclude Include="..\..\Src\Logic\Messages\MessageKinematicMove.h">
      <Filter>Messages\Header</Filter>
    </ClInclude>
    <ClInclude Include="..\..\Src\Logic\Messages\MessageMouse.h">
      <Filter>Messages\Header</Filter>
    </ClInclude>
    <ClInclude Include="..\..\Src\Logic\Messages\MessageSetAnimation.h">
      <Filter>Messages\Header</Filter>
    </ClInclude>
    <ClInclude Include="..\..\Src\Logic\Messages\MessageStopAnimation.h">
      <Filter>Messages\Header</Filter>
    </ClInclude>
    <ClInclude Include="..\..\Src\Logic\Messages\MessageSwitch.h">
      <Filter>Messages\Header</Filter>
    </ClInclude>
    <ClInclude Include="..\..\Src\Logic\Messages\MessageTouched.h">
      <Filter>Messages\Header</Filter>
    </ClInclude>
    <ClInclude Include="..\..\Src\Logic\Messages\MessageTransform.h">
      <Filter>Messages\Header</Filter>
    </ClInclude>
    <ClInclude Include="..\..\Src\Logic\Messages\MessageUntouched.h">
      <Filter>Messages\Header</Filter>
    </ClInclude>
    <ClInclude Include="..\..\Src\Logic\Messages\MessageRebound.h">
      <Filter>Messages\Header</Filter>
    </ClInclude>
    <ClInclude Include="..\..\Src\Logic\Entity\Components\Shoot.h">
      <Filter>Entity\Components\Header Files</Filter>
    </ClInclude>
    <ClInclude Include="..\..\Src\Logic\Messages\MessageDamaged.h">
      <Filter>Messages\Header</Filter>
    </ClInclude>
    <ClInclude Include="..\..\Src\Logic\Entity\Components\HudOverlay.h">
      <Filter>Entity\Components\Header Files</Filter>
    </ClInclude>
    <ClInclude Include="..\..\Src\Logic\Entity\Components\ShootHammer.h">
      <Filter>Entity\Components\Header Files</Filter>
    </ClInclude>
    <ClInclude Include="..\..\Src\Logic\Entity\MessageFactory.h">
      <Filter>Entity\Header Files</Filter>
    </ClInclude>
    <ClInclude Include="..\..\Src\Logic\Messages\MessageHudLife.h">
      <Filter>Messages\Header</Filter>
    </ClInclude>
    <ClInclude Include="..\..\Src\Logic\Messages\MessageHudShield.h">
      <Filter>Messages\Header</Filter>
    </ClInclude>
    <ClInclude Include="..\..\Src\Logic\Messages\MessageAddShield.h">
      <Filter>Messages\Header</Filter>
    </ClInclude>
    <ClInclude Include="..\..\Src\Logic\Messages\MessageAddLife.h">
      <Filter>Messages\Header</Filter>
    </ClInclude>
    <ClInclude Include="..\..\Src\Logic\Entity\Components\FloatingMovement.h">
      <Filter>Entity\Components\Header Files</Filter>
    </ClInclude>
    <ClInclude Include="..\..\Src\Logic\Entity\Components\SpawnItemManager.h">
      <Filter>Entity\Components\Header Files</Filter>
    </ClInclude>
    <ClInclude Include="..\..\Src\Logic\Messages\MessagePlayerDead.h">
      <Filter>Messages\Header</Filter>
    </ClInclude>
    <ClInclude Include="..\..\Src\Logic\Messages\MessageHudAmmo.h">
      <Filter>Messages\Header</Filter>
    </ClInclude>
    <ClInclude Include="..\..\Src\Logic\Messages\MessageHudWeapon.h">
      <Filter>Messages\Header</Filter>
    </ClInclude>
    <ClInclude Include="..\..\Src\Logic\Messages\MessageAddAmmo.h">
      <Filter>Messages\Header</Filter>
    </ClInclude>
    <ClInclude Include="..\..\Src\Logic\Messages\MessageAddWeapon.h">
      <Filter>Messages\Header</Filter>
    </ClInclude>
    <ClInclude Include="..\..\Src\Logic\Entity\Components\SpawnPlayer.h">
      <Filter>Entity\Components\Header Files</Filter>
    </ClInclude>
    <ClInclude Include="..\..\Src\Logic\Messages\MessageSetPhysicPosition.h">
      <Filter>Messages\Header</Filter>
    </ClInclude>
    <ClInclude Include="..\..\Src\Logic\GameSpawnManager.h">
      <Filter>Maps\Header Files</Filter>
    </ClInclude>
    <ClInclude Include="..\..\Src\Logic\Messages\MessageHudSpawn.h">
      <Filter>Messages\Header</Filter>
    </ClInclude>
    <ClInclude Include="..\..\Src\Logic\Messages\MessageCameraToEnemy.h">
      <Filter>Messages\Header</Filter>
    </ClInclude>
  </ItemGroup>
</Project>