<?xml version="1.0" encoding="utf-8"?>
<Project ToolsVersion="4.0" xmlns="http://schemas.microsoft.com/developer/msbuild/2003">
  <ItemGroup>
    <Filter Include="Maps">
      <UniqueIdentifier>{ca38a90d-e0c2-43cb-84f4-3492d4693f17}</UniqueIdentifier>
    </Filter>
    <Filter Include="Maps\Source Files">
      <UniqueIdentifier>{dd68b4c5-41da-4e9d-b064-4ae065e3ccef}</UniqueIdentifier>
    </Filter>
    <Filter Include="Maps\Header Files">
      <UniqueIdentifier>{320db237-96cd-4066-90fc-d696d208ff57}</UniqueIdentifier>
    </Filter>
    <Filter Include="Entity">
      <UniqueIdentifier>{05994364-9d20-405c-8c14-2757dfa1104b}</UniqueIdentifier>
    </Filter>
    <Filter Include="Entity\Header Files">
      <UniqueIdentifier>{93995380-89BD-4b04-88EB-625FBE52EBFB}</UniqueIdentifier>
      <Extensions>h;hpp;hxx;hm;inl;inc;xsd</Extensions>
    </Filter>
    <Filter Include="Entity\Components">
      <UniqueIdentifier>{e9ceafce-bc53-40d2-a4a3-6ebdb6c987aa}</UniqueIdentifier>
    </Filter>
    <Filter Include="Messages">
      <UniqueIdentifier>{4e179dc2-b36c-453e-be46-be0147457b46}</UniqueIdentifier>
    </Filter>
    <Filter Include="Messages\Header">
      <UniqueIdentifier>{e1de2851-de2c-4559-8448-6d89eea66736}</UniqueIdentifier>
    </Filter>
    <Filter Include="Messages\Source">
      <UniqueIdentifier>{95c95c1a-83ed-47e0-9ce4-173333221a5f}</UniqueIdentifier>
    </Filter>
    <Filter Include="Net">
      <UniqueIdentifier>{3080b548-ccce-4804-bdf8-f2a688d7bbd0}</UniqueIdentifier>
    </Filter>
    <Filter Include="Net\Header">
      <UniqueIdentifier>{194807b5-b41a-44a8-8d23-0bff06103adb}</UniqueIdentifier>
    </Filter>
    <Filter Include="Net\Source">
      <UniqueIdentifier>{772c75e6-854b-4b26-8162-58fc8aa37601}</UniqueIdentifier>
    </Filter>
    <Filter Include="Entity\Components\Skills">
      <UniqueIdentifier>{9cc8418f-48f8-43a1-89df-35219bdd9094}</UniqueIdentifier>
    </Filter>
    <Filter Include="Entity\Components\Weapons">
      <UniqueIdentifier>{2e18f618-28c8-447c-ba40-44c0a6894e72}</UniqueIdentifier>
    </Filter>
    <Filter Include="Entity\Components\Skills\Header">
      <UniqueIdentifier>{fb3a6c1f-27bf-4b41-aa63-36406d8f4003}</UniqueIdentifier>
    </Filter>
    <Filter Include="Entity\Components\Skills\Source">
      <UniqueIdentifier>{8f77be88-84f4-461f-80f3-b83babfed4e3}</UniqueIdentifier>
    </Filter>
    <Filter Include="Entity\Components\Physics">
      <UniqueIdentifier>{445a7ed2-25ee-44e6-9ff8-947cd533a89c}</UniqueIdentifier>
    </Filter>
    <Filter Include="Entity\Components\Graphics">
      <UniqueIdentifier>{503a1cf2-563f-426d-8ba4-0d30b7c31906}</UniqueIdentifier>
    </Filter>
    <Filter Include="Entity\Components\Network">
      <UniqueIdentifier>{e8bbe86f-3ebf-4496-b1ee-45319751e476}</UniqueIdentifier>
    </Filter>
    <Filter Include="Entity\Components\Graphics\Header">
      <UniqueIdentifier>{ce31b8c5-10ae-4646-9de6-44ac536c42a5}</UniqueIdentifier>
    </Filter>
    <Filter Include="Entity\Components\Graphics\Source">
      <UniqueIdentifier>{2093b710-51df-484d-a188-2135c500ef42}</UniqueIdentifier>
    </Filter>
    <Filter Include="Entity\Components\Network\Header">
      <UniqueIdentifier>{0a2b7dc7-3b91-49ec-951a-cd996c5119a2}</UniqueIdentifier>
    </Filter>
    <Filter Include="Entity\Components\Network\Source">
      <UniqueIdentifier>{8c1cf4ef-8517-442b-8ffc-f1b730d72f04}</UniqueIdentifier>
    </Filter>
    <Filter Include="Entity\Components\Physics\Header">
      <UniqueIdentifier>{c5a9809c-2297-46ee-8133-a367c6d4f9b3}</UniqueIdentifier>
    </Filter>
    <Filter Include="Entity\Components\Physics\Source">
      <UniqueIdentifier>{b9f98bce-519d-44df-ae85-f7afb190d4a9}</UniqueIdentifier>
    </Filter>
    <Filter Include="Entity\Components\Audio">
      <UniqueIdentifier>{0ea859e6-c36b-4d53-b5e6-d49d33c1df7e}</UniqueIdentifier>
    </Filter>
    <Filter Include="Entity\Components\Audio\Header">
      <UniqueIdentifier>{0509619d-92f4-42fa-aa84-5a3232f2fb3b}</UniqueIdentifier>
    </Filter>
    <Filter Include="Entity\Components\Audio\Source">
      <UniqueIdentifier>{81418795-6b74-4dc5-ae6c-8acfe2746d8c}</UniqueIdentifier>
    </Filter>
    <Filter Include="Entity\Components\Gameplay">
      <UniqueIdentifier>{d4f47776-92fa-4417-ae4c-f251566ed388}</UniqueIdentifier>
    </Filter>
    <Filter Include="Entity\Components\Gameplay\Header">
      <UniqueIdentifier>{48beb9a4-1d4c-4d4f-bd33-e92a0cacfeff}</UniqueIdentifier>
    </Filter>
    <Filter Include="Entity\Components\Gameplay\Source">
      <UniqueIdentifier>{4028113e-3235-4f07-b8e5-671a198a9ce5}</UniqueIdentifier>
    </Filter>
    <Filter Include="Entity\Source Files">
      <UniqueIdentifier>{0e8edd8a-2878-4e33-9aa8-bcf3b46137d4}</UniqueIdentifier>
    </Filter>
    <Filter Include="Entity\Components\Graphics\Decal">
      <UniqueIdentifier>{ae7c448c-c506-4994-aa20-e4dab0df8b5c}</UniqueIdentifier>
    </Filter>
    <Filter Include="Entity\Components\Graphics\Decal\Header">
      <UniqueIdentifier>{19e6433a-c227-4873-87c2-ec7ddb38430d}</UniqueIdentifier>
    </Filter>
    <Filter Include="Entity\Components\Graphics\Decal\Source">
      <UniqueIdentifier>{625a7a46-64b0-4147-94e8-80d67934690f}</UniqueIdentifier>
    </Filter>
    <Filter Include="Entity\Components\Weapons\Shoot">
      <UniqueIdentifier>{1fc6aff8-76f3-482b-b2a3-eb9355734bec}</UniqueIdentifier>
    </Filter>
    <Filter Include="Entity\Components\Weapons\Feedback">
      <UniqueIdentifier>{fb4cfa87-433d-41c3-bf91-ab623c6130af}</UniqueIdentifier>
    </Filter>
    <Filter Include="Entity\Components\Weapons\Ammunition">
      <UniqueIdentifier>{5e8d9170-4a18-4f53-b5db-a963833cc9a6}</UniqueIdentifier>
    </Filter>
    <Filter Include="Entity\Components\Weapons\Shoot\Header">
      <UniqueIdentifier>{488abf5e-d8fa-4d1b-ad83-03c7547b87c7}</UniqueIdentifier>
    </Filter>
    <Filter Include="Entity\Components\Weapons\Shoot\Source">
      <UniqueIdentifier>{4284771d-620e-4461-a22c-02a82ca6cc13}</UniqueIdentifier>
    </Filter>
    <Filter Include="Entity\Components\Weapons\Ammunition\Header">
      <UniqueIdentifier>{41226c0e-388f-4e87-b55f-c690a9d37f05}</UniqueIdentifier>
    </Filter>
    <Filter Include="Entity\Components\Weapons\Ammunition\Source">
      <UniqueIdentifier>{705c27e6-f00f-44f7-b163-fc1446fca8bd}</UniqueIdentifier>
    </Filter>
    <Filter Include="Entity\Components\Weapons\Feedback\Header">
      <UniqueIdentifier>{6467fd98-45fc-49f4-83fc-1a796b68f38d}</UniqueIdentifier>
    </Filter>
    <Filter Include="Entity\Components\Weapons\Feedback\Source">
      <UniqueIdentifier>{41d04d1f-7e31-4c09-a510-24252a19d7f1}</UniqueIdentifier>
    </Filter>
    <Filter Include="Entity\Components\Spells">
      <UniqueIdentifier>{fc2a56b2-6403-44a4-90b0-877a92ef4301}</UniqueIdentifier>
    </Filter>
    <Filter Include="Entity\Components\Weapons\Managers">
      <UniqueIdentifier>{473ef99d-143d-4a7a-bd1b-57f031af1a8c}</UniqueIdentifier>
    </Filter>
    <Filter Include="Entity\Components\Weapons\Managers\Source">
      <UniqueIdentifier>{9071eab4-d625-432e-b7e8-8e7612c6b1c1}</UniqueIdentifier>
    </Filter>
    <Filter Include="Entity\Components\Weapons\Managers\Header">
      <UniqueIdentifier>{3978b598-80c6-4773-bd25-af90bf585962}</UniqueIdentifier>
    </Filter>
    <Filter Include="Entity\Components\Spells\Cast">
      <UniqueIdentifier>{9fbd6cc7-610a-462e-80e1-79fb92d85728}</UniqueIdentifier>
    </Filter>
    <Filter Include="Entity\Components\Spells\Feedback">
      <UniqueIdentifier>{1c96990f-ee70-40c3-9255-5302287137be}</UniqueIdentifier>
    </Filter>
    <Filter Include="Entity\Components\Spells\Cast\Header">
      <UniqueIdentifier>{a69c8395-86dd-48f5-8ce0-91fa85be7abf}</UniqueIdentifier>
    </Filter>
    <Filter Include="Entity\Components\Spells\Feedback\Header">
      <UniqueIdentifier>{7f1dcf1c-4c43-456c-b74a-0fb01bc996a3}</UniqueIdentifier>
    </Filter>
    <Filter Include="Entity\Components\Spells\Cast\Source">
      <UniqueIdentifier>{d4b6176b-2904-436a-9eff-ffcd12d82966}</UniqueIdentifier>
    </Filter>
    <Filter Include="Entity\Components\Spells\Feedback\Source">
      <UniqueIdentifier>{ef08bac3-2145-4530-8677-137f339a06f3}</UniqueIdentifier>
    </Filter>
    <Filter Include="Entity\Components\Spells\Manager">
      <UniqueIdentifier>{2d685d2b-b629-453d-88af-b9084c724ae6}</UniqueIdentifier>
    </Filter>
    <Filter Include="Entity\Components\Spells\Manager\Header">
      <UniqueIdentifier>{477fbba3-8cc7-4aeb-b74a-75897ffe608e}</UniqueIdentifier>
    </Filter>
    <Filter Include="Entity\Components\Spells\Manager\Source">
      <UniqueIdentifier>{8b025f19-d1df-4bc7-8abf-711902e40ee9}</UniqueIdentifier>
    </Filter>
  </ItemGroup>
  <ItemGroup>
    <ClCompile Include="..\..\Src\Logic\Maps\ComponentFactory.cpp">
      <Filter>Maps\Source Files</Filter>
    </ClCompile>
    <ClCompile Include="..\..\Src\Logic\Maps\EntityFactory.cpp">
      <Filter>Maps\Source Files</Filter>
    </ClCompile>
    <ClCompile Include="..\..\Src\Logic\Maps\EntityID.cpp">
      <Filter>Maps\Source Files</Filter>
    </ClCompile>
    <ClCompile Include="..\..\Src\Logic\Maps\Map.cpp">
      <Filter>Maps\Source Files</Filter>
    </ClCompile>
    <ClCompile Include="..\..\Src\Logic\Entity\CommunicationPort.cpp">
      <Filter>Entity\Source Files</Filter>
    </ClCompile>
    <ClCompile Include="..\..\Src\Logic\Entity\Component.cpp">
      <Filter>Entity\Source Files</Filter>
    </ClCompile>
    <ClCompile Include="..\..\Src\Logic\Entity\Entity.cpp">
      <Filter>Entity\Source Files</Filter>
    </ClCompile>
    <ClCompile Include="..\..\Src\Logic\Server.cpp">
      <Filter>Maps\Source Files</Filter>
    </ClCompile>
    <ClCompile Include="..\..\Src\Logic\Maps\IIdentifier.cpp">
      <Filter>Entity\Source Files</Filter>
    </ClCompile>
    <ClCompile Include="..\..\Src\Logic\Maps\ComponentID.cpp">
      <Filter>Entity\Source Files</Filter>
    </ClCompile>
    <ClCompile Include="..\..\Src\Logic\GameNetMsgManager.cpp">
      <Filter>Maps\Source Files</Filter>
    </ClCompile>
    <ClCompile Include="..\..\Src\Logic\Messages\Message.cpp">
      <Filter>Messages\Source</Filter>
    </ClCompile>
    <ClCompile Include="..\..\Src\Logic\Messages\MessageCollisionDown.cpp">
      <Filter>Messages\Source</Filter>
    </ClCompile>
    <ClCompile Include="..\..\Src\Logic\Messages\MessageChangeWeapon.cpp">
      <Filter>Messages\Source</Filter>
    </ClCompile>
    <ClCompile Include="..\..\Src\Logic\Messages\MessageChangeWeaponGraphics.cpp">
      <Filter>Messages\Source</Filter>
    </ClCompile>
    <ClCompile Include="..\..\Src\Logic\Messages\MessageControl.cpp">
      <Filter>Messages\Source</Filter>
    </ClCompile>
    <ClCompile Include="..\..\Src\Logic\Messages\MessageDamaged.cpp">
      <Filter>Messages\Source</Filter>
    </ClCompile>
    <ClCompile Include="..\..\Src\Logic\Messages\MessageKinematicMove.cpp">
      <Filter>Messages\Source</Filter>
    </ClCompile>
    <ClCompile Include="..\..\Src\Logic\Messages\MessageMouse.cpp">
      <Filter>Messages\Source</Filter>
    </ClCompile>
    <ClCompile Include="..\..\Src\Logic\Messages\MessageSetAnimation.cpp">
      <Filter>Messages\Source</Filter>
    </ClCompile>
    <ClCompile Include="..\..\Src\Logic\Messages\MessageStopAnimation.cpp">
      <Filter>Messages\Source</Filter>
    </ClCompile>
    <ClCompile Include="..\..\Src\Logic\Messages\MessageSwitch.cpp">
      <Filter>Messages\Source</Filter>
    </ClCompile>
    <ClCompile Include="..\..\Src\Logic\Messages\MessageTouched.cpp">
      <Filter>Messages\Source</Filter>
    </ClCompile>
    <ClCompile Include="..\..\Src\Logic\Messages\MessageTransform.cpp">
      <Filter>Messages\Source</Filter>
    </ClCompile>
    <ClCompile Include="..\..\Src\Logic\Messages\MessageUntouched.cpp">
      <Filter>Messages\Source</Filter>
    </ClCompile>
    <ClCompile Include="..\..\Src\Logic\Entity\MessageFactory.cpp">
      <Filter>Entity\Source Files</Filter>
    </ClCompile>
    <ClCompile Include="..\..\Src\Logic\Messages\MessageHudLife.cpp">
      <Filter>Messages\Source</Filter>
    </ClCompile>
    <ClCompile Include="..\..\Src\Logic\Messages\MessageHudShield.cpp">
      <Filter>Messages\Source</Filter>
    </ClCompile>
    <ClCompile Include="..\..\Src\Logic\Messages\MessageAddLife.cpp">
      <Filter>Messages\Source</Filter>
    </ClCompile>
    <ClCompile Include="..\..\Src\Logic\Messages\MessageAddShield.cpp">
      <Filter>Messages\Source</Filter>
    </ClCompile>
    <ClCompile Include="..\..\Src\Logic\Messages\MessagePlayerDead.cpp">
      <Filter>Messages\Source</Filter>
    </ClCompile>
    <ClCompile Include="..\..\Src\Logic\Messages\MessageHudAmmo.cpp">
      <Filter>Messages\Source</Filter>
    </ClCompile>
    <ClCompile Include="..\..\Src\Logic\Messages\MessageHudWeapon.cpp">
      <Filter>Messages\Source</Filter>
    </ClCompile>
    <ClCompile Include="..\..\Src\Logic\Messages\MessageAddAmmo.cpp">
      <Filter>Messages\Source</Filter>
    </ClCompile>
    <ClCompile Include="..\..\Src\Logic\Messages\MessageAddWeapon.cpp">
      <Filter>Messages\Source</Filter>
    </ClCompile>
    <ClCompile Include="..\..\Src\Logic\GameSpawnManager.cpp">
      <Filter>Maps\Source Files</Filter>
    </ClCompile>
    <ClCompile Include="..\..\Src\Logic\Messages\MessageHudSpawn.cpp">
      <Filter>Messages\Source</Filter>
    </ClCompile>
    <ClCompile Include="..\..\Src\Logic\Messages\MessageCameraToEnemy.cpp">
      <Filter>Messages\Source</Filter>
    </ClCompile>
    <ClCompile Include="..\..\Src\Logic\Messages\MessageWakeUp.cpp">
      <Filter>Messages\Source</Filter>
    </ClCompile>
    <ClCompile Include="..\..\Src\Logic\Messages\MessageSleep.cpp">
      <Filter>Messages\Source</Filter>
    </ClCompile>
    <ClCompile Include="..\..\Src\Logic\Messages\MessageActivate.cpp">
      <Filter>Messages\Source</Filter>
    </ClCompile>
    <ClCompile Include="..\..\Src\Logic\Messages\MessageCealing.cpp">
      <Filter>Messages\Source</Filter>
    </ClCompile>
    <ClCompile Include="..\..\Src\Logic\PlayerInfo.cpp">
      <Filter>Net\Source</Filter>
    </ClCompile>
    <ClCompile Include="..\..\Src\Logic\GameNetPlayersManager.cpp">
      <Filter>Net\Source</Filter>
    </ClCompile>
    <ClCompile Include="..\..\Src\Logic\Messages\MessageSyncPosition.cpp">
      <Filter>Messages\Source</Filter>
    </ClCompile>
    <ClCompile Include="..\..\Src\Logic\Messages\MessageSide.cpp">
      <Filter>Messages\Source</Filter>
    </ClCompile>
    <ClCompile Include="..\..\Src\Logic\Messages\MessageAddForcePlayer.cpp">
      <Filter>Messages\Source</Filter>
    </ClCompile>
    <ClCompile Include="..\..\Src\Logic\Messages\MessageAddForcePhysics.cpp">
      <Filter>Messages\Source</Filter>
    </ClCompile>
    <ClCompile Include="..\..\Src\Logic\Messages\MessageContactEnter.cpp">
      <Filter>Messages\Source</Filter>
    </ClCompile>
    <ClCompile Include="..\..\Src\Logic\Messages\MessageSetPhysicPosition.cpp">
      <Filter>Messages\Source</Filter>
    </ClCompile>
    <ClCompile Include="..\..\Src\Logic\Messages\MessagePlayerSpawn.cpp">
      <Filter>Messages\Source</Filter>
    </ClCompile>
    <ClCompile Include="..\..\Src\Logic\Messages\MessageContactExit.cpp">
      <Filter>Messages\Source</Filter>
    </ClCompile>
    <ClCompile Include="..\..\Src\Logic\Messages\MessageAudio.cpp">
      <Filter>Messages\Source</Filter>
    </ClCompile>
    <ClCompile Include="..\..\Src\Logic\Messages\MessageChangePlayerClass.cpp">
      <Filter>Messages\Source</Filter>
    </ClCompile>
    <ClCompile Include="..\..\Src\Logic\Messages\MessageChangeMaterial.cpp">
      <Filter>Messages\Source</Filter>
    </ClCompile>
    <ClCompile Include="..\..\Src\Logic\Messages\MessageSetReducedDamage.cpp">
      <Filter>Messages\Source</Filter>
    </ClCompile>
    <ClCompile Include="..\..\Src\Logic\Messages\MessageHudDebug.cpp">
      <Filter>Messages\Source</Filter>
    </ClCompile>
    <ClCompile Include="..\..\Src\Logic\Maps\GUIManager.cpp">
      <Filter>Maps\Source Files</Filter>
    </ClCompile>
    <ClCompile Include="..\..\Src\Logic\Messages\MessageCreateParticle.cpp">
      <Filter>Messages\Source</Filter>
    </ClCompile>
    <ClCompile Include="..\..\Src\Logic\Messages\MessageHudDebugData.cpp">
      <Filter>Messages\Source</Filter>
    </ClCompile>
    <ClCompile Include="..\..\Src\Logic\Entity\Components\AnimatedGraphics.cpp">
      <Filter>Entity\Components\Graphics\Source</Filter>
    </ClCompile>
    <ClCompile Include="..\..\Src\Logic\Entity\Components\ArrayGraphics.cpp">
      <Filter>Entity\Components\Graphics\Source</Filter>
    </ClCompile>
    <ClCompile Include="..\..\Src\Logic\Entity\Components\Camera.cpp">
      <Filter>Entity\Components\Graphics\Source</Filter>
    </ClCompile>
    <ClCompile Include="..\..\Src\Logic\Entity\Components\Graphics.cpp">
      <Filter>Entity\Components\Graphics\Source</Filter>
    </ClCompile>
    <ClCompile Include="..\..\Src\Logic\Entity\Components\HudOverlay.cpp">
      <Filter>Entity\Components\Graphics\Source</Filter>
    </ClCompile>
    <ClCompile Include="..\..\Src\Logic\Entity\Components\Light.cpp">
      <Filter>Entity\Components\Graphics\Source</Filter>
    </ClCompile>
    <ClCompile Include="..\..\Src\Logic\Entity\Components\Particle.cpp">
      <Filter>Entity\Components\Graphics\Source</Filter>
    </ClCompile>
    <ClCompile Include="..\..\Src\Logic\Entity\Components\Interpolation.cpp">
      <Filter>Entity\Components\Network\Source</Filter>
    </ClCompile>
    <ClCompile Include="..\..\Src\Logic\Entity\Components\NetConnector.cpp">
      <Filter>Entity\Components\Network\Source</Filter>
    </ClCompile>
    <ClCompile Include="..\..\Src\Logic\Entity\Components\UpdateClientPosition.cpp">
      <Filter>Entity\Components\Network\Source</Filter>
    </ClCompile>
    <ClCompile Include="..\..\Src\Logic\Entity\Components\Audio.cpp">
      <Filter>Entity\Components\Audio\Source</Filter>
    </ClCompile>
    <ClCompile Include="..\..\Src\Logic\Entity\Components\AvatarController.cpp">
      <Filter>Entity\Components\Gameplay\Source</Filter>
    </ClCompile>
    <ClCompile Include="..\..\Src\Logic\Entity\Components\ClientRespawn.cpp">
      <Filter>Entity\Components\Gameplay\Source</Filter>
    </ClCompile>
    <ClCompile Include="..\..\Src\Logic\Entity\Components\DamageTrigger.cpp">
      <Filter>Entity\Components\Gameplay\Source</Filter>
    </ClCompile>
    <ClCompile Include="..\..\Src\Logic\Entity\Components\Elevator.cpp">
      <Filter>Entity\Components\Gameplay\Source</Filter>
    </ClCompile>
    <ClCompile Include="..\..\Src\Logic\Entity\Components\ElevatorTrigger.cpp">
      <Filter>Entity\Components\Gameplay\Source</Filter>
    </ClCompile>
    <ClCompile Include="..\..\Src\Logic\Entity\Components\FloatingMovement.cpp">
      <Filter>Entity\Components\Gameplay\Source</Filter>
    </ClCompile>
    <ClCompile Include="..\..\Src\Logic\Entity\Components\Hacksaw.cpp">
      <Filter>Entity\Components\Gameplay\Source</Filter>
    </ClCompile>
    <ClCompile Include="..\..\Src\Logic\Entity\Components\Jumper.cpp">
      <Filter>Entity\Components\Gameplay\Source</Filter>
    </ClCompile>
    <ClCompile Include="..\..\Src\Logic\Entity\Components\Lava.cpp">
      <Filter>Entity\Components\Gameplay\Source</Filter>
    </ClCompile>
    <ClCompile Include="..\..\Src\Logic\Entity\Components\Life.cpp">
      <Filter>Entity\Components\Gameplay\Source</Filter>
    </ClCompile>
    <ClCompile Include="..\..\Src\Logic\Entity\Components\SpawnItemManager.cpp">
      <Filter>Entity\Components\Gameplay\Source</Filter>
    </ClCompile>
    <ClCompile Include="..\..\Src\Logic\Entity\Components\SpawnPlayer.cpp">
      <Filter>Entity\Components\Gameplay\Source</Filter>
    </ClCompile>
    <ClCompile Include="..\..\Src\Logic\Entity\Components\Spike.cpp">
      <Filter>Entity\Components\Gameplay\Source</Filter>
    </ClCompile>
    <ClCompile Include="..\..\Src\Logic\Entity\Components\PhysicController.cpp">
      <Filter>Entity\Components\Physics\Source</Filter>
    </ClCompile>
    <ClCompile Include="..\..\Src\Logic\Entity\Components\PhysicDynamicEntity.cpp">
      <Filter>Entity\Components\Physics\Source</Filter>
    </ClCompile>
    <ClCompile Include="..\..\Src\Logic\Entity\Components\PhysicStaticEntity.cpp">
      <Filter>Entity\Components\Physics\Source</Filter>
    </ClCompile>
    <ClCompile Include="..\..\Src\Logic\Entity\Components\Shadow.cpp">
      <Filter>Entity\Components\Skills\Source</Filter>
    </ClCompile>
    <ClCompile Include="..\..\Src\Logic\Entity\Components\ScreamerShieldDamageNotifier.cpp">
      <Filter>Entity\Components\Skills\Source</Filter>
    </ClCompile>
    <ClCompile Include="..\..\Src\Logic\Entity\Components\PlayerClass.cpp">
      <Filter>Entity\Components\Skills\Source</Filter>
    </ClCompile>
    <ClCompile Include="..\..\Src\Logic\Entity\Components\Hound.cpp">
      <Filter>Entity\Components\Skills\Source</Filter>
    </ClCompile>
    <ClCompile Include="..\..\Src\Logic\Entity\Components\Archangel.cpp">
      <Filter>Entity\Components\Skills\Source</Filter>
    </ClCompile>
    <ClCompile Include="..\..\Src\Logic\Maps\GUIKillersMessage.cpp">
      <Filter>Maps\Source Files</Filter>
    </ClCompile>
    <ClCompile Include="..\..\Src\Logic\Messages\MessageChangeMaterialHudWeapon.cpp">
      <Filter>Messages\Source</Filter>
    </ClCompile>
    <ClCompile Include="..\..\Src\Logic\Messages\MessageCameraOffset.cpp">
      <Filter>Messages\Source</Filter>
    </ClCompile>
    <ClCompile Include="..\..\Src\Logic\Entity\Components\SpectatorController.cpp">
      <Filter>Entity\Components\Gameplay\Source</Filter>
    </ClCompile>
    <ClCompile Include="..\..\Src\Logic\Entity\Components\CameraFeedbackNotifier.cpp">
      <Filter>Entity\Components\Graphics\Source</Filter>
    </ClCompile>
    <ClCompile Include="..\..\Src\Logic\Entity\Components\LocalShadow.cpp">
      <Filter>Entity\Components\Graphics\Source</Filter>
    </ClCompile>
    <ClCompile Include="..\..\Src\Logic\Maps\EntityIdDispatcher.cpp">
      <Filter>Maps\Source Files</Filter>
    </ClCompile>
    <ClCompile Include="..\..\Src\Logic\Messages\MessageCameraRoll.cpp">
      <Filter>Messages\Source</Filter>
    </ClCompile>
    <ClCompile Include="..\..\Src\Logic\Entity\Components\SpikeTrap.cpp">
      <Filter>Entity\Components\Gameplay\Source</Filter>
    </ClCompile>
    <ClCompile Include="..\..\Src\Logic\Entity\Components\LocalArchangel.cpp">
      <Filter>Entity\Components\Graphics\Source</Filter>
    </ClCompile>
    <ClCompile Include="..\..\Src\Logic\Entity\Components\LocalHound.cpp">
      <Filter>Entity\Components\Graphics\Source</Filter>
    </ClCompile>
    <ClCompile Include="..\..\Src\Logic\Messages\MessageImpact.cpp">
      <Filter>Messages\Source</Filter>
    </ClCompile>
    <ClCompile Include="..\..\Src\Logic\Entity\Components\NetCommands.cpp">
      <Filter>Entity\Components\Network\Source</Filter>
    </ClCompile>
    <ClCompile Include="..\..\Src\Logic\Entity\Components\HudWeapons.cpp">
      <Filter>Entity\Components\Graphics\Source</Filter>
    </ClCompile>
    <ClCompile Include="..\..\Src\Logic\Entity\Components\SnapshotGenerator.cpp">
      <Filter>Entity\Components\Network\Source</Filter>
    </ClCompile>
    <ClCompile Include="..\..\Src\Logic\Messages\MessageTransformSnapshot.cpp">
      <Filter>Messages\Source</Filter>
    </ClCompile>
    <ClCompile Include="..\..\Src\Logic\Messages\MessagePositionSnapshot.cpp">
      <Filter>Messages\Source</Filter>
    </ClCompile>
    <ClCompile Include="..\..\Src\Logic\Entity\Components\SnapshotGenerator.cpp">
      <Filter>Entity\Components\Network\Source</Filter>
    </ClCompile>
    <ClCompile Include="..\..\Src\Logic\Messages\MessageHudDispersion.cpp">
      <Filter>Messages\Source</Filter>
    </ClCompile>
    <ClCompile Include="..\..\Src\Logic\Entity\Components\PositionInterpolator.cpp">
      <Filter>Entity\Components\Network\Source</Filter>
    </ClCompile>
    <ClCompile Include="..\..\Src\Logic\Entity\Components\TransformInterpolator.cpp">
      <Filter>Entity\Components\Network\Source</Filter>
    </ClCompile>
    <ClCompile Include="..\..\Src\Logic\Entity\Components\PositionSnapshot.cpp">
      <Filter>Entity\Components\Network\Source</Filter>
    </ClCompile>
    <ClCompile Include="..\..\Src\Logic\Entity\Components\TransformSnapshot.cpp">
      <Filter>Entity\Components\Network\Source</Filter>
    </ClCompile>
    <ClCompile Include="..\..\Src\Logic\Entity\Components\Screamer.cpp">
      <Filter>Entity\Components\Skills\Source</Filter>
    </ClCompile>
    <ClCompile Include="..\..\Src\Logic\Messages\MessageReducedCooldown.cpp">
      <Filter>Messages\Source</Filter>
    </ClCompile>
    <ClCompile Include="..\..\Src\Logic\Messages\MessageDamageAmplifier.cpp">
      <Filter>Messages\Source</Filter>
    </ClCompile>
    <ClCompile Include="..\..\Src\Logic\Entity\Components\MagneticBullet.cpp">
      <Filter>Entity\Components\Weapons\Shoot\Source</Filter>
    </ClCompile>
    <ClCompile Include="..\..\Src\Logic\Entity\Components\IronHellGoat.cpp">
      <Filter>Entity\Components\Weapons\Shoot\Source</Filter>
    </ClCompile>
    <ClCompile Include="..\..\Src\Logic\Entity\Components\FireBallController.cpp">
      <Filter>Entity\Components\Weapons\Shoot\Source</Filter>
    </ClCompile>
    <ClCompile Include="..\..\Src\Logic\Messages\MessageFlash.cpp">
      <Filter>Messages\Source</Filter>
    </ClCompile>
    <ClCompile Include="..\..\Src\Logic\Entity\Components\PullingMovement.cpp">
      <Filter>Entity\Components\Gameplay\Source</Filter>
    </ClCompile>
    <ClCompile Include="..\..\Src\Logic\Maps\Scoreboard.cpp">
      <Filter>Maps\Source Files</Filter>
    </ClCompile>
    <ClCompile Include="..\..\Src\Logic\Maps\WorldState.cpp">
      <Filter>Maps\Source Files</Filter>
    </ClCompile>
    <ClCompile Include="..\..\Src\Logic\Messages\MessagePlayerSnapshot.cpp">
      <Filter>Messages\Source</Filter>
    </ClCompile>
    <ClCompile Include="..\..\Src\Logic\Entity\Components\PlayerSnapshot.cpp">
      <Filter>Entity\Components\Network\Source</Filter>
    </ClCompile>
    <ClCompile Include="..\..\Src\Logic\Entity\Components\PlayerInterpolator.cpp">
      <Filter>Entity\Components\Network\Source</Filter>
    </ClCompile>
    <ClCompile Include="..\..\Src\Logic\Messages\MessageChangeGravity.cpp">
      <Filter>Messages\Source</Filter>
    </ClCompile>
    <ClCompile Include="..\..\Src\Logic\Messages\MessageParticleVisibility.cpp">
      <Filter>Messages\Source</Filter>
    </ClCompile>
    <ClCompile Include="..\..\Src\Graphics\DecalUtility.cpp">
      <Filter>Entity\Components\Graphics\Decal\Source</Filter>
    </ClCompile>
    <ClCompile Include="..\..\Src\Graphics\OgreDecal.cpp">
      <Filter>Entity\Components\Graphics\Decal\Source</Filter>
    </ClCompile>
    <ClCompile Include="..\..\Src\Logic\Entity\Components\LifeDome.cpp">
      <Filter>Entity\Components\Skills\Source</Filter>
    </ClCompile>
    <ClCompile Include="..\..\Src\Logic\Entity\Components\Weapon.cpp">
      <Filter>Entity\Components\Weapons\Shoot\Source</Filter>
    </ClCompile>
    <ClCompile Include="..\..\Src\Logic\Entity\Components\IronHellGoatAmmo.cpp">
      <Filter>Entity\Components\Weapons\Ammunition\Source</Filter>
    </ClCompile>
    <ClCompile Include="..\..\Src\Logic\Entity\Components\IronHellGoatFeedback.cpp">
      <Filter>Entity\Components\Weapons\Feedback\Source</Filter>
    </ClCompile>
    <ClCompile Include="..\..\Src\Logic\Entity\Components\WeaponFeedback.cpp">
      <Filter>Entity\Components\Weapons\Feedback\Source</Filter>
    </ClCompile>
    <ClCompile Include="..\..\Src\Logic\Messages\MessagePrimaryShoot.cpp">
      <Filter>Messages\Source</Filter>
    </ClCompile>
    <ClCompile Include="..\..\Src\Logic\Messages\MessageSecondaryShoot.cpp">
      <Filter>Messages\Source</Filter>
    </ClCompile>
    <ClCompile Include="..\..\Src\Logic\Entity\Components\ShotGunAmmo.cpp">
      <Filter>Entity\Components\Weapons\Ammunition\Source</Filter>
    </ClCompile>
    <ClCompile Include="..\..\Src\Logic\Entity\Components\SniperAmmo.cpp">
      <Filter>Entity\Components\Weapons\Ammunition\Source</Filter>
    </ClCompile>
    <ClCompile Include="..\..\Src\Logic\Entity\Components\SoulReaperAmmo.cpp">
      <Filter>Entity\Components\Weapons\Ammunition\Source</Filter>
    </ClCompile>
    <ClCompile Include="..\..\Src\Logic\Entity\Components\MiniGunAmmo.cpp">
      <Filter>Entity\Components\Weapons\Ammunition\Source</Filter>
    </ClCompile>
    <ClCompile Include="..\..\Src\Logic\Entity\Components\MiniGunFeedback.cpp">
      <Filter>Entity\Components\Weapons\Feedback\Source</Filter>
    </ClCompile>
    <ClCompile Include="..\..\Src\Logic\Entity\Components\ShotGunFeedback.cpp">
      <Filter>Entity\Components\Weapons\Feedback\Source</Filter>
    </ClCompile>
    <ClCompile Include="..\..\Src\Logic\Entity\Components\SniperFeedback.cpp">
      <Filter>Entity\Components\Weapons\Feedback\Source</Filter>
    </ClCompile>
    <ClCompile Include="..\..\Src\Logic\Entity\Components\SoulReaperFeedback.cpp">
      <Filter>Entity\Components\Weapons\Feedback\Source</Filter>
    </ClCompile>
    <ClCompile Include="..\..\Src\Logic\Messages\MessageSpawnIsLive.cpp">
      <Filter>Messages\Source</Filter>
    </ClCompile>
    <ClCompile Include="..\..\Src\Logic\Messages\MessageDecal.cpp">
      <Filter>Messages\Source</Filter>
    </ClCompile>
    <ClCompile Include="..\..\Src\Logic\Entity\Components\AnimationManager.cpp">
      <Filter>Entity\Components\Graphics\Source</Filter>
    </ClCompile>
    <ClCompile Include="..\..\Src\Logic\Entity\Components\ProceduralGraphics.cpp">
      <Filter>Entity\Components\Graphics\Source</Filter>
    </ClCompile>
    <ClCompile Include="..\..\Src\Logic\Entity\Components\MiniGun.cpp">
      <Filter>Entity\Components\Weapons\Shoot\Source</Filter>
    </ClCompile>
    <ClCompile Include="..\..\Src\Logic\Entity\Components\ShotGun.cpp">
      <Filter>Entity\Components\Weapons\Shoot\Source</Filter>
    </ClCompile>
    <ClCompile Include="..\..\Src\Logic\Entity\Components\Sniper.cpp">
      <Filter>Entity\Components\Weapons\Shoot\Source</Filter>
    </ClCompile>
    <ClCompile Include="..\..\Src\Logic\Entity\Components\SoulReaper.cpp">
      <Filter>Entity\Components\Weapons\Shoot\Source</Filter>
    </ClCompile>
    <ClCompile Include="..\..\Src\Logic\Entity\Components\WeaponAmmo.cpp">
      <Filter>Entity\Components\Weapons\Ammunition\Source</Filter>
    </ClCompile>
    <ClCompile Include="..\..\Src\Logic\Messages\MessagePrimarySpell.cpp">
      <Filter>Messages\Source</Filter>
    </ClCompile>
    <ClCompile Include="..\..\Src\Logic\Messages\MessageSecondarySpell.cpp">
      <Filter>Messages\Source</Filter>
    </ClCompile>
    <ClCompile Include="..\..\Src\Logic\Entity\Components\WeaponsManagerClient.cpp">
      <Filter>Entity\Components\Weapons\Managers\Source</Filter>
    </ClCompile>
    <ClCompile Include="..\..\Src\Logic\Entity\Components\WeaponsManager.cpp">
      <Filter>Entity\Components\Weapons\Managers\Source</Filter>
    </ClCompile>
    <ClCompile Include="..\..\Src\Logic\Messages\MessageAddSpell.cpp">
      <Filter>Messages\Source</Filter>
    </ClCompile>
    <ClCompile Include="..\..\Src\Logic\Entity\Components\ScreamerShieldController.cpp">
      <Filter>Entity\Components\Skills\Source</Filter>
    </ClCompile>
    <ClCompile Include="..\..\Src\Logic\Messages\MessageSetOwner.cpp">
      <Filter>Messages\Source</Filter>
    </ClCompile>
    <ClCompile Include="..\..\Src\Logic\Entity\Components\Hud.cpp">
      <Filter>Entity\Components\Graphics\Source</Filter>
    </ClCompile>
    <ClCompile Include="..\..\Src\Logic\Messages\MessageHud.cpp">
      <Filter>Messages\Source</Filter>
    </ClCompile>
    <ClCompile Include="..\..\Src\Logic\Entity\Components\Ragdoll.cpp">
      <Filter>Entity\Components\Physics\Source</Filter>
    </ClCompile>
    <ClCompile Include="..\..\Src\Logic\Entity\Components\AmplifyDamageServer.cpp">
      <Filter>Entity\Components\Spells\Cast\Source</Filter>
    </ClCompile>
    <ClCompile Include="..\..\Src\Logic\Entity\Components\ComeBackServer.cpp">
      <Filter>Entity\Components\Spells\Cast\Source</Filter>
    </ClCompile>
    <ClCompile Include="..\..\Src\Logic\Entity\Components\CoolDownServer.cpp">
      <Filter>Entity\Components\Spells\Cast\Source</Filter>
    </ClCompile>
    <ClCompile Include="..\..\Src\Logic\Entity\Components\GravityServer.cpp">
      <Filter>Entity\Components\Spells\Cast\Source</Filter>
    </ClCompile>
    <ClCompile Include="..\..\Src\Logic\Entity\Components\HardDeathServer.cpp">
      <Filter>Entity\Components\Spells\Cast\Source</Filter>
    </ClCompile>
    <ClCompile Include="..\..\Src\Logic\Entity\Components\ResurrectionServer.cpp">
      <Filter>Entity\Components\Spells\Cast\Source</Filter>
    </ClCompile>
    <ClCompile Include="..\..\Src\Logic\Entity\Components\ShieldServer.cpp">
      <Filter>Entity\Components\Spells\Cast\Source</Filter>
    </ClCompile>
    <ClCompile Include="..\..\Src\Logic\Entity\Components\ComeBackClient.cpp">
      <Filter>Entity\Components\Spells\Feedback\Source</Filter>
    </ClCompile>
    <ClCompile Include="..\..\Src\Logic\Entity\Components\ShieldClient.cpp">
      <Filter>Entity\Components\Spells\Feedback\Source</Filter>
    </ClCompile>
    <ClCompile Include="..\..\Src\Logic\Entity\Components\GravityClient.cpp">
      <Filter>Entity\Components\Spells\Feedback\Source</Filter>
    </ClCompile>
    <ClCompile Include="..\..\Src\Logic\Entity\Components\HardDeathClient.cpp">
      <Filter>Entity\Components\Spells\Feedback\Source</Filter>
    </ClCompile>
    <ClCompile Include="..\..\Src\Logic\Entity\Components\ResurrectionClient.cpp">
      <Filter>Entity\Components\Spells\Feedback\Source</Filter>
    </ClCompile>
    <ClCompile Include="..\..\Src\Logic\Entity\Components\Spell.cpp">
      <Filter>Entity\Components\Spells</Filter>
    </ClCompile>
    <ClCompile Include="..\..\Src\Logic\Entity\Components\AmplifyDamageClient.cpp">
      <Filter>Entity\Components\Spells\Feedback\Source</Filter>
    </ClCompile>
    <ClCompile Include="..\..\Src\Logic\Entity\Components\HungryServer.cpp">
      <Filter>Entity\Components\Spells\Cast\Source</Filter>
    </ClCompile>
    <ClCompile Include="..\..\Src\Logic\Entity\Components\HungryClient.cpp">
      <Filter>Entity\Components\Spells\Feedback\Source</Filter>
    </ClCompile>
    <ClCompile Include="..\..\Src\Logic\Entity\Components\CoolDownClient.cpp">
      <Filter>Entity\Components\Spells\Feedback\Source</Filter>
    </ClCompile>
    <ClCompile Include="..\..\Src\Logic\Entity\Components\ShieldSpellController.cpp">
      <Filter>Entity\Components\Spells\Cast\Source</Filter>
    </ClCompile>
    <ClCompile Include="..\..\Src\Logic\Entity\Components\SpellsManagerClient.cpp">
      <Filter>Entity\Components\Spells\Manager\Source</Filter>
    </ClCompile>
    <ClCompile Include="..\..\Src\Logic\Entity\Components\SpellsManagerServer.cpp">
      <Filter>Entity\Components\Spells\Manager\Source</Filter>
    </ClCompile>
    <ClCompile Include="..\..\Src\Logic\Messages\MessageSpellHungry.cpp">
      <Filter>Messages\Source</Filter>
    </ClCompile>
    <ClCompile Include="..\..\Src\Logic\Maps\PreloadResourceManager.cpp">
      <Filter>Maps\Source Files</Filter>
    </ClCompile>
    <ClCompile Include="..\..\Src\Logic\Entity\Components\GraphicPlane.cpp">
      <Filter>Entity\Components\Graphics\Source</Filter>
    </ClCompile>
    <ClCompile Include="..\..\Src\Logic\LightManager.cpp">
      <Filter>Maps\Source Files</Filter>
    </ClCompile>
    <ClCompile Include="..\..\Src\Logic\Entity\Components\PhysicStaticCompound.cpp">
      <Filter>Entity\Components\Physics\Source</Filter>
    </ClCompile>
    <ClCompile Include="..\..\Src\Logic\Entity\Components\DynamicLight.cpp">
      <Filter>Entity\Components\Graphics\Source</Filter>
    </ClCompile>
    <ClCompile Include="..\..\Src\Logic\Messages\MessageBlockShoot.cpp">
      <Filter>Messages\Source</Filter>
    </ClCompile>
    <ClCompile Include="..\..\Src\Logic\Entity\Components\Bite.cpp">
      <Filter>Entity\Components\Skills\Source</Filter>
    </ClCompile>
    <ClCompile Include="..\..\Src\Logic\Entity\Components\MovementSnapshot.cpp">
      <Filter>Entity\Components\Network\Source</Filter>
    </ClCompile>
    <ClCompile Include="..\..\Src\Logic\Entity\Components\CharacterSound.cpp">
      <Filter>Entity\Components\Audio\Source</Filter>
    </ClCompile>
    <ClCompile Include="..\..\Src\Logic\Entity\Components\StaticAudio.cpp">
      <Filter>Entity\Components\Audio\Source</Filter>
    </ClCompile>
    <ClCompile Include="..\..\Src\Logic\Entity\Components\AudioTrigger.cpp">
      <Filter>Entity\Components\Audio\Source</Filter>
    </ClCompile>
    <ClCompile Include="..\..\Src\Logic\Entity\Components\CharacterName.cpp">
      <Filter>Entity\Components\Graphics\Source</Filter>
    </ClCompile>
    <ClCompile Include="..\..\Src\Logic\Entity\Components\EnemyInSight.cpp">
      <Filter>Entity\Components\Graphics\Source</Filter>
    </ClCompile>
    <ClCompile Include="..\..\Src\Logic\Entity\Components\ParticleSystem.cpp">
      <Filter>Entity\Components\Graphics\Source</Filter>
    </ClCompile>
    <ClCompile Include="..\..\Src\Logic\Entity\Components\KillStreak.cpp">
      <Filter>Entity\Components\Gameplay\Source</Filter>
    </ClCompile>
  </ItemGroup>
  <ItemGroup>
    <ClInclude Include="..\..\Src\Logic\Maps\ComponentFactory.h">
      <Filter>Maps\Header Files</Filter>
    </ClInclude>
    <ClInclude Include="..\..\Src\Logic\Maps\Documentation.h">
      <Filter>Maps\Header Files</Filter>
    </ClInclude>
    <ClInclude Include="..\..\Src\Logic\Maps\EntityFactory.h">
      <Filter>Maps\Header Files</Filter>
    </ClInclude>
    <ClInclude Include="..\..\Src\Logic\Maps\EntityID.h">
      <Filter>Maps\Header Files</Filter>
    </ClInclude>
    <ClInclude Include="..\..\Src\Logic\Maps\Map.h">
      <Filter>Maps\Header Files</Filter>
    </ClInclude>
    <ClInclude Include="..\..\Src\Logic\Entity\CommunicationPort.h">
      <Filter>Entity\Header Files</Filter>
    </ClInclude>
    <ClInclude Include="..\..\Src\Logic\Entity\Component.h">
      <Filter>Entity\Header Files</Filter>
    </ClInclude>
    <ClInclude Include="..\..\Src\Logic\Entity\Documentation.h">
      <Filter>Entity\Header Files</Filter>
    </ClInclude>
    <ClInclude Include="..\..\Src\Logic\Entity\Entity.h">
      <Filter>Entity\Header Files</Filter>
    </ClInclude>
    <ClInclude Include="..\..\Src\Logic\Documentation.h">
      <Filter>Maps\Header Files</Filter>
    </ClInclude>
    <ClInclude Include="..\..\Src\Logic\Server.h">
      <Filter>Maps\Header Files</Filter>
    </ClInclude>
    <ClInclude Include="..\..\Src\Logic\Maps\ComponentID.h">
      <Filter>Entity\Header Files</Filter>
    </ClInclude>
    <ClInclude Include="..\..\Src\Logic\Maps\IIdentifier.h">
      <Filter>Entity\Header Files</Filter>
    </ClInclude>
    <ClInclude Include="..\..\Src\Logic\GameNetMsgManager.h">
      <Filter>Maps\Header Files</Filter>
    </ClInclude>
    <ClInclude Include="..\..\Src\Logic\Messages\Message.h">
      <Filter>Messages\Header</Filter>
    </ClInclude>
    <ClInclude Include="..\..\Src\Logic\Messages\MessageCollisionDown.h">
      <Filter>Messages\Header</Filter>
    </ClInclude>
    <ClInclude Include="..\..\Src\Logic\Messages\MessageChangeWeapon.h">
      <Filter>Messages\Header</Filter>
    </ClInclude>
    <ClInclude Include="..\..\Src\Logic\Messages\MessageChangeWeaponGraphics.h">
      <Filter>Messages\Header</Filter>
    </ClInclude>
    <ClInclude Include="..\..\Src\Logic\Messages\MessageControl.h">
      <Filter>Messages\Header</Filter>
    </ClInclude>
    <ClInclude Include="..\..\Src\Logic\Messages\MessageKinematicMove.h">
      <Filter>Messages\Header</Filter>
    </ClInclude>
    <ClInclude Include="..\..\Src\Logic\Messages\MessageMouse.h">
      <Filter>Messages\Header</Filter>
    </ClInclude>
    <ClInclude Include="..\..\Src\Logic\Messages\MessageSetAnimation.h">
      <Filter>Messages\Header</Filter>
    </ClInclude>
    <ClInclude Include="..\..\Src\Logic\Messages\MessageStopAnimation.h">
      <Filter>Messages\Header</Filter>
    </ClInclude>
    <ClInclude Include="..\..\Src\Logic\Messages\MessageSwitch.h">
      <Filter>Messages\Header</Filter>
    </ClInclude>
    <ClInclude Include="..\..\Src\Logic\Messages\MessageTouched.h">
      <Filter>Messages\Header</Filter>
    </ClInclude>
    <ClInclude Include="..\..\Src\Logic\Messages\MessageTransform.h">
      <Filter>Messages\Header</Filter>
    </ClInclude>
    <ClInclude Include="..\..\Src\Logic\Messages\MessageUntouched.h">
      <Filter>Messages\Header</Filter>
    </ClInclude>
    <ClInclude Include="..\..\Src\Logic\Messages\MessageDamaged.h">
      <Filter>Messages\Header</Filter>
    </ClInclude>
    <ClInclude Include="..\..\Src\Logic\Entity\MessageFactory.h">
      <Filter>Entity\Header Files</Filter>
    </ClInclude>
    <ClInclude Include="..\..\Src\Logic\Messages\MessageHudLife.h">
      <Filter>Messages\Header</Filter>
    </ClInclude>
    <ClInclude Include="..\..\Src\Logic\Messages\MessageHudShield.h">
      <Filter>Messages\Header</Filter>
    </ClInclude>
    <ClInclude Include="..\..\Src\Logic\Messages\MessageAddShield.h">
      <Filter>Messages\Header</Filter>
    </ClInclude>
    <ClInclude Include="..\..\Src\Logic\Messages\MessageAddLife.h">
      <Filter>Messages\Header</Filter>
    </ClInclude>
    <ClInclude Include="..\..\Src\Logic\Messages\MessagePlayerDead.h">
      <Filter>Messages\Header</Filter>
    </ClInclude>
    <ClInclude Include="..\..\Src\Logic\Messages\MessageHudAmmo.h">
      <Filter>Messages\Header</Filter>
    </ClInclude>
    <ClInclude Include="..\..\Src\Logic\Messages\MessageHudWeapon.h">
      <Filter>Messages\Header</Filter>
    </ClInclude>
    <ClInclude Include="..\..\Src\Logic\Messages\MessageAddAmmo.h">
      <Filter>Messages\Header</Filter>
    </ClInclude>
    <ClInclude Include="..\..\Src\Logic\Messages\MessageAddWeapon.h">
      <Filter>Messages\Header</Filter>
    </ClInclude>
    <ClInclude Include="..\..\Src\Logic\GameSpawnManager.h">
      <Filter>Maps\Header Files</Filter>
    </ClInclude>
    <ClInclude Include="..\..\Src\Logic\Messages\MessageHudSpawn.h">
      <Filter>Messages\Header</Filter>
    </ClInclude>
    <ClInclude Include="..\..\Src\Logic\Messages\MessageCameraToEnemy.h">
      <Filter>Messages\Header</Filter>
    </ClInclude>
    <ClInclude Include="..\..\Src\Logic\Messages\MessageWakeUp.h">
      <Filter>Messages\Header</Filter>
    </ClInclude>
    <ClInclude Include="..\..\Src\Logic\Messages\MessageSleep.h">
      <Filter>Messages\Header</Filter>
    </ClInclude>
    <ClInclude Include="..\..\Src\Logic\Messages\MessageActivate.h">
      <Filter>Messages\Header</Filter>
    </ClInclude>
    <ClInclude Include="..\..\Src\Logic\Messages\MessageCealing.h">
      <Filter>Messages\Header</Filter>
    </ClInclude>
    <ClInclude Include="..\..\Src\Logic\PlayerInfo.h">
      <Filter>Net\Header</Filter>
    </ClInclude>
    <ClInclude Include="..\..\Src\Logic\GameNetPlayersManager.h">
      <Filter>Net\Header</Filter>
    </ClInclude>
    <ClInclude Include="..\..\Src\Logic\Messages\MessageSyncPosition.h">
      <Filter>Messages\Header</Filter>
    </ClInclude>
    <ClInclude Include="..\..\Src\Logic\Messages\MessageSide.h">
      <Filter>Messages\Header</Filter>
    </ClInclude>
    <ClInclude Include="..\..\Src\Logic\Messages\MessageAddForcePlayer.h">
      <Filter>Messages\Header</Filter>
    </ClInclude>
    <ClInclude Include="..\..\Src\Logic\Messages\MessageAddForcePhysics.h">
      <Filter>Messages\Header</Filter>
    </ClInclude>
    <ClInclude Include="..\..\Src\Logic\Messages\MessageContactEnter.h">
      <Filter>Messages\Header</Filter>
    </ClInclude>
    <ClInclude Include="..\..\Src\Logic\Messages\MessageSetPhysicPosition.h">
      <Filter>Messages\Header</Filter>
    </ClInclude>
    <ClInclude Include="..\..\Src\Logic\Messages\MessageContactExit.h">
      <Filter>Messages\Header</Filter>
    </ClInclude>
    <ClInclude Include="..\..\Src\Logic\Messages\MessagePlayerSpawn.h">
      <Filter>Messages\Header</Filter>
    </ClInclude>
    <ClInclude Include="..\..\Src\Logic\Messages\MessageAudio.h">
      <Filter>Messages\Header</Filter>
    </ClInclude>
    <ClInclude Include="..\..\Src\Logic\Messages\MessageChangePlayerClass.h">
      <Filter>Messages\Header</Filter>
    </ClInclude>
    <ClInclude Include="..\..\Src\Logic\Messages\MessageChangeMaterial.h">
      <Filter>Messages\Header</Filter>
    </ClInclude>
    <ClInclude Include="..\..\Src\Logic\Messages\MessageSetReducedDamage.h">
      <Filter>Messages\Header</Filter>
    </ClInclude>
    <ClInclude Include="..\..\Src\Logic\Messages\MessageHudDebug.h">
      <Filter>Messages\Header</Filter>
    </ClInclude>
    <ClInclude Include="..\..\Src\Logic\Maps\GUIManager.h">
      <Filter>Maps\Header Files</Filter>
    </ClInclude>
    <ClInclude Include="..\..\Src\Logic\Messages\MessageCreateParticle.h">
      <Filter>Messages\Header</Filter>
    </ClInclude>
    <ClInclude Include="..\..\Src\Logic\Messages\MessageHudDebugData.h">
      <Filter>Messages\Header</Filter>
    </ClInclude>
    <ClInclude Include="..\..\Src\Logic\Entity\Components\Shadow.h">
      <Filter>Entity\Components\Skills\Header</Filter>
    </ClInclude>
    <ClInclude Include="..\..\Src\Logic\Entity\Components\ScreamerShieldDamageNotifier.h">
      <Filter>Entity\Components\Skills\Header</Filter>
    </ClInclude>
    <ClInclude Include="..\..\Src\Logic\Entity\Components\PlayerClass.h">
      <Filter>Entity\Components\Skills\Header</Filter>
    </ClInclude>
    <ClInclude Include="..\..\Src\Logic\Entity\Components\Hound.h">
      <Filter>Entity\Components\Skills\Header</Filter>
    </ClInclude>
    <ClInclude Include="..\..\Src\Logic\Entity\Components\Archangel.h">
      <Filter>Entity\Components\Skills\Header</Filter>
    </ClInclude>
    <ClInclude Include="..\..\Src\Logic\Entity\Components\PhysicStaticEntity.h">
      <Filter>Entity\Components\Physics\Header</Filter>
    </ClInclude>
    <ClInclude Include="..\..\Src\Logic\Entity\Components\Physics.h">
      <Filter>Entity\Components\Physics\Header</Filter>
    </ClInclude>
    <ClInclude Include="..\..\Src\Logic\Entity\Components\PhysicDynamicEntity.h">
      <Filter>Entity\Components\Physics\Header</Filter>
    </ClInclude>
    <ClInclude Include="..\..\Src\Logic\Entity\Components\PhysicController.h">
      <Filter>Entity\Components\Physics\Header</Filter>
    </ClInclude>
    <ClInclude Include="..\..\Src\Logic\Entity\Components\UpdateClientPosition.h">
      <Filter>Entity\Components\Network\Header</Filter>
    </ClInclude>
    <ClInclude Include="..\..\Src\Logic\Entity\Components\NetConnector.h">
      <Filter>Entity\Components\Network\Header</Filter>
    </ClInclude>
    <ClInclude Include="..\..\Src\Logic\Entity\Components\Interpolation.h">
      <Filter>Entity\Components\Network\Header</Filter>
    </ClInclude>
    <ClInclude Include="..\..\Src\Logic\Entity\Components\AnimatedGraphics.h">
      <Filter>Entity\Components\Graphics\Header</Filter>
    </ClInclude>
    <ClInclude Include="..\..\Src\Logic\Entity\Components\ArrayGraphics.h">
      <Filter>Entity\Components\Graphics\Header</Filter>
    </ClInclude>
    <ClInclude Include="..\..\Src\Logic\Entity\Components\Graphics.h">
      <Filter>Entity\Components\Graphics\Header</Filter>
    </ClInclude>
    <ClInclude Include="..\..\Src\Logic\Entity\Components\Light.h">
      <Filter>Entity\Components\Graphics\Header</Filter>
    </ClInclude>
    <ClInclude Include="..\..\Src\Logic\Entity\Components\Particle.h">
      <Filter>Entity\Components\Graphics\Header</Filter>
    </ClInclude>
    <ClInclude Include="..\..\Src\Logic\Entity\Components\Audio.h">
      <Filter>Entity\Components\Audio\Header</Filter>
    </ClInclude>
    <ClInclude Include="..\..\Src\Logic\Entity\Components\Camera.h">
      <Filter>Entity\Components\Graphics\Header</Filter>
    </ClInclude>
    <ClInclude Include="..\..\Src\Logic\Entity\Components\HudOverlay.h">
      <Filter>Entity\Components\Graphics\Header</Filter>
    </ClInclude>
    <ClInclude Include="..\..\Src\Logic\Entity\Components\AvatarController.h">
      <Filter>Entity\Components\Gameplay\Header</Filter>
    </ClInclude>
    <ClInclude Include="..\..\Src\Logic\Entity\Components\ClientRespawn.h">
      <Filter>Entity\Components\Gameplay\Header</Filter>
    </ClInclude>
    <ClInclude Include="..\..\Src\Logic\Entity\Components\DamageTrigger.h">
      <Filter>Entity\Components\Gameplay\Header</Filter>
    </ClInclude>
    <ClInclude Include="..\..\Src\Logic\Entity\Components\Elevator.h">
      <Filter>Entity\Components\Gameplay\Header</Filter>
    </ClInclude>
    <ClInclude Include="..\..\Src\Logic\Entity\Components\ElevatorTrigger.h">
      <Filter>Entity\Components\Gameplay\Header</Filter>
    </ClInclude>
    <ClInclude Include="..\..\Src\Logic\Entity\Components\FloatingMovement.h">
      <Filter>Entity\Components\Gameplay\Header</Filter>
    </ClInclude>
    <ClInclude Include="..\..\Src\Logic\Entity\Components\Hacksaw.h">
      <Filter>Entity\Components\Gameplay\Header</Filter>
    </ClInclude>
    <ClInclude Include="..\..\Src\Logic\Entity\Components\Jumper.h">
      <Filter>Entity\Components\Gameplay\Header</Filter>
    </ClInclude>
    <ClInclude Include="..\..\Src\Logic\Entity\Components\Lava.h">
      <Filter>Entity\Components\Gameplay\Header</Filter>
    </ClInclude>
    <ClInclude Include="..\..\Src\Logic\Entity\Components\Life.h">
      <Filter>Entity\Components\Gameplay\Header</Filter>
    </ClInclude>
    <ClInclude Include="..\..\Src\Logic\Entity\Components\SpawnItemManager.h">
      <Filter>Entity\Components\Gameplay\Header</Filter>
    </ClInclude>
    <ClInclude Include="..\..\Src\Logic\Entity\Components\SpawnPlayer.h">
      <Filter>Entity\Components\Gameplay\Header</Filter>
    </ClInclude>
    <ClInclude Include="..\..\Src\Logic\Entity\Components\Spike.h">
      <Filter>Entity\Components\Gameplay\Header</Filter>
    </ClInclude>
    <ClInclude Include="..\..\Src\Logic\Maps\GUIKillersMessage.h">
      <Filter>Maps\Header Files</Filter>
    </ClInclude>
    <ClInclude Include="..\..\Src\Logic\Messages\MessageChangeMaterialHudWeapon.h">
      <Filter>Messages\Header</Filter>
    </ClInclude>
    <ClInclude Include="..\..\Src\Logic\Messages\MessageCameraOffset.h">
      <Filter>Messages\Header</Filter>
    </ClInclude>
    <ClInclude Include="..\..\Src\Logic\Entity\Components\SpectatorController.h">
      <Filter>Entity\Components\Gameplay\Header</Filter>
    </ClInclude>
    <ClInclude Include="..\..\Src\Logic\Entity\Components\CameraFeedbackNotifier.h">
      <Filter>Entity\Components\Graphics\Header</Filter>
    </ClInclude>
    <ClInclude Include="..\..\Src\Logic\Entity\Components\LocalShadow.h">
      <Filter>Entity\Components\Graphics\Header</Filter>
    </ClInclude>
    <ClInclude Include="..\..\Src\Logic\Maps\EntityIdDispatcher.h">
      <Filter>Maps\Header Files</Filter>
    </ClInclude>
    <ClInclude Include="..\..\Src\Logic\Messages\MessageCameraRoll.h">
      <Filter>Messages\Header</Filter>
    </ClInclude>
    <ClInclude Include="..\..\Src\Logic\Entity\Components\SpikeTrap.h">
      <Filter>Entity\Components\Gameplay\Header</Filter>
    </ClInclude>
    <ClInclude Include="..\..\Src\Logic\Entity\Components\LocalArchangel.h">
      <Filter>Entity\Components\Graphics\Header</Filter>
    </ClInclude>
    <ClInclude Include="..\..\Src\Logic\Entity\Components\LocalHound.h">
      <Filter>Entity\Components\Graphics\Header</Filter>
    </ClInclude>
    <ClInclude Include="..\..\Src\Logic\Messages\MessageImpact.h">
      <Filter>Messages\Header</Filter>
    </ClInclude>
    <ClInclude Include="..\..\Src\Logic\Entity\Components\NetCommands.h">
      <Filter>Entity\Components\Network\Header</Filter>
    </ClInclude>
    <ClInclude Include="..\..\Src\Logic\Entity\Components\HudWeapons.h">
      <Filter>Entity\Components\Graphics\Header</Filter>
    </ClInclude>
    <ClInclude Include="..\..\Src\Logic\Messages\MessagePositionSnapshot.h">
      <Filter>Messages\Header</Filter>
    </ClInclude>
    <ClInclude Include="..\..\Src\Logic\Messages\MessageTransformSnapshot.h">
      <Filter>Messages\Header</Filter>
    </ClInclude>
    <ClInclude Include="..\..\Src\Logic\Entity\Components\SnapshotGenerator.h">
      <Filter>Entity\Components\Network\Header</Filter>
    </ClInclude>
    <ClInclude Include="..\..\Src\Logic\Messages\MessageHudDispersion.h">
      <Filter>Messages\Header</Filter>
    </ClInclude>
    <ClInclude Include="..\..\Src\Logic\Entity\Components\SnapshotGenerator.h">
      <Filter>Entity\Components\Network\Header</Filter>
    </ClInclude>
    <ClInclude Include="..\..\Src\Logic\Messages\MessageTransformSnapshot.h">
      <Filter>Messages\Header</Filter>
    </ClInclude>
    <ClInclude Include="..\..\Src\Logic\Messages\MessagePositionSnapshot.h">
      <Filter>Messages\Header</Filter>
    </ClInclude>
    <ClInclude Include="..\..\Src\Logic\Entity\Components\PositionInterpolator.h">
      <Filter>Entity\Components\Network\Header</Filter>
    </ClInclude>
    <ClInclude Include="..\..\Src\Logic\Entity\Components\TransformInterpolator.h">
      <Filter>Entity\Components\Network\Header</Filter>
    </ClInclude>
    <ClInclude Include="..\..\Src\Logic\Entity\Components\PositionSnapshot.h">
      <Filter>Entity\Components\Network\Header</Filter>
    </ClInclude>
    <ClInclude Include="..\..\Src\Logic\Entity\Components\TransformSnapshot.h">
      <Filter>Entity\Components\Network\Header</Filter>
    </ClInclude>
    <ClInclude Include="..\..\Src\Logic\Entity\Components\Screamer.h">
      <Filter>Entity\Components\Skills\Header</Filter>
    </ClInclude>
    <ClInclude Include="..\..\Src\Logic\Messages\MessageDamageAmplifier.h">
      <Filter>Messages\Header</Filter>
    </ClInclude>
    <ClInclude Include="..\..\Src\Logic\Messages\MessageReducedCooldown.h">
      <Filter>Messages\Header</Filter>
    </ClInclude>
    <ClInclude Include="..\..\Src\Logic\Entity\Components\MagneticBullet.h">
      <Filter>Entity\Components\Weapons\Shoot\Header</Filter>
    </ClInclude>
    <ClInclude Include="..\..\Src\Logic\Entity\Components\IronHellGoat.h">
      <Filter>Entity\Components\Weapons\Shoot\Header</Filter>
    </ClInclude>
    <ClInclude Include="..\..\Src\Logic\Entity\Components\FireBallController.h">
      <Filter>Entity\Components\Weapons\Shoot\Header</Filter>
    </ClInclude>
    <ClInclude Include="..\..\Src\Logic\Messages\MessageFlash.h">
      <Filter>Messages\Header</Filter>
    </ClInclude>
    <ClInclude Include="..\..\Src\Logic\Entity\Components\PullingMovement.h">
      <Filter>Entity\Components\Gameplay\Header</Filter>
    </ClInclude>
    <ClInclude Include="..\..\Src\Logic\Maps\Scoreboard.h">
      <Filter>Maps\Header Files</Filter>
    </ClInclude>
    <ClInclude Include="..\..\Src\Logic\Maps\WorldState.h">
      <Filter>Maps\Header Files</Filter>
    </ClInclude>
    <ClInclude Include="..\..\Src\Logic\Messages\MessageRebound.h">
      <Filter>Entity\Header Files</Filter>
    </ClInclude>
    <ClInclude Include="..\..\Src\Logic\Messages\MessagePlayerSnapshot.h">
      <Filter>Messages\Header</Filter>
    </ClInclude>
    <ClInclude Include="..\..\Src\Logic\Entity\Components\PlayerSnapshot.h">
      <Filter>Entity\Components\Network\Header</Filter>
    </ClInclude>
    <ClInclude Include="..\..\Src\Logic\Entity\Components\PlayerInterpolator.h">
      <Filter>Entity\Components\Network\Header</Filter>
    </ClInclude>
    <ClInclude Include="..\..\Src\Logic\Entity\Components\MovementSnapshot.h">
      <Filter>Entity\Components\Network\Header</Filter>
    </ClInclude>
    <ClInclude Include="..\..\Src\Logic\Messages\MessageChangeGravity.h">
      <Filter>Messages\Header</Filter>
    </ClInclude>
    <ClInclude Include="..\..\Src\Logic\Messages\MessageParticleVisibility.h">
      <Filter>Messages\Header</Filter>
    </ClInclude>
    <ClInclude Include="..\..\Src\Graphics\DecalUtility.h">
      <Filter>Entity\Components\Graphics\Decal\Header</Filter>
    </ClInclude>
    <ClInclude Include="..\..\Src\Graphics\OgreDecal.h">
      <Filter>Entity\Components\Graphics\Decal\Header</Filter>
    </ClInclude>
    <ClInclude Include="..\..\Src\Logic\Entity\Components\LifeDome.h">
      <Filter>Entity\Components\Skills\Header</Filter>
    </ClInclude>
    <ClInclude Include="..\..\Src\Logic\Entity\Components\Weapon.h">
      <Filter>Entity\Components\Weapons\Shoot\Header</Filter>
    </ClInclude>
    <ClInclude Include="..\..\Src\Logic\Entity\Components\IronHellGoatAmmo.h">
      <Filter>Entity\Components\Weapons\Ammunition\Header</Filter>
    </ClInclude>
    <ClInclude Include="..\..\Src\Logic\Entity\Components\IronHellGoatFeedback.h">
      <Filter>Entity\Components\Weapons\Feedback\Header</Filter>
    </ClInclude>
    <ClInclude Include="..\..\Src\Logic\Entity\Components\WeaponFeedback.h">
      <Filter>Entity\Components\Weapons\Feedback\Header</Filter>
    </ClInclude>
    <ClInclude Include="..\..\Src\Logic\Messages\MessageSecondaryShoot.h">
      <Filter>Messages\Header</Filter>
    </ClInclude>
    <ClInclude Include="..\..\Src\Logic\Messages\MessagePrimaryShoot.h">
      <Filter>Messages\Header</Filter>
    </ClInclude>
    <ClInclude Include="..\..\Src\Logic\Entity\Components\ShotGunAmmo.h">
      <Filter>Entity\Components\Weapons\Ammunition\Header</Filter>
    </ClInclude>
    <ClInclude Include="..\..\Src\Logic\Entity\Components\SoulReaperAmmo.h">
      <Filter>Entity\Components\Weapons\Ammunition\Header</Filter>
    </ClInclude>
    <ClInclude Include="..\..\Src\Logic\Entity\Components\SniperAmmo.h">
      <Filter>Entity\Components\Weapons\Ammunition\Header</Filter>
    </ClInclude>
    <ClInclude Include="..\..\Src\Logic\Entity\Components\MiniGunAmmo.h">
      <Filter>Entity\Components\Weapons\Ammunition\Header</Filter>
    </ClInclude>
    <ClInclude Include="..\..\Src\Logic\Entity\Components\MiniGunFeedback.h">
      <Filter>Entity\Components\Weapons\Feedback\Header</Filter>
    </ClInclude>
    <ClInclude Include="..\..\Src\Logic\Entity\Components\ShotGunFeedback.h">
      <Filter>Entity\Components\Weapons\Feedback\Header</Filter>
    </ClInclude>
    <ClInclude Include="..\..\Src\Logic\Entity\Components\SniperFeedback.h">
      <Filter>Entity\Components\Weapons\Feedback\Header</Filter>
    </ClInclude>
    <ClInclude Include="..\..\Src\Logic\Entity\Components\SoulReaperFeedback.h">
      <Filter>Entity\Components\Weapons\Feedback\Header</Filter>
    </ClInclude>
    <ClInclude Include="..\..\Src\Logic\Messages\MessageSpawnIsLive.h">
      <Filter>Messages\Header</Filter>
    </ClInclude>
    <ClInclude Include="..\..\Src\Logic\Messages\MessageDecal.h">
      <Filter>Messages\Header</Filter>
    </ClInclude>
    <ClInclude Include="..\..\Src\Logic\Entity\Components\AnimationManager.h">
      <Filter>Entity\Components\Graphics\Header</Filter>
    </ClInclude>
    <ClInclude Include="..\..\Src\Logic\Entity\Components\ProceduralGraphics.h">
      <Filter>Entity\Components\Graphics\Header</Filter>
    </ClInclude>
    <ClInclude Include="..\..\Src\Logic\Entity\Components\MiniGun.h">
      <Filter>Entity\Components\Weapons\Shoot\Header</Filter>
    </ClInclude>
    <ClInclude Include="..\..\Src\Logic\Entity\Components\ShotGun.h">
      <Filter>Entity\Components\Weapons\Shoot\Header</Filter>
    </ClInclude>
    <ClInclude Include="..\..\Src\Logic\Entity\Components\Sniper.h">
      <Filter>Entity\Components\Weapons\Shoot\Header</Filter>
    </ClInclude>
    <ClInclude Include="..\..\Src\Logic\Entity\Components\SoulReaper.h">
      <Filter>Entity\Components\Weapons\Shoot\Header</Filter>
    </ClInclude>
    <ClInclude Include="..\..\Src\Logic\Entity\Components\WeaponAmmo.h">
      <Filter>Entity\Components\Weapons\Ammunition\Header</Filter>
    </ClInclude>
    <ClInclude Include="..\..\Src\Logic\Entity\Components\SpellType.h">
      <Filter>Entity\Components\Spells</Filter>
    </ClInclude>
    <ClInclude Include="..\..\Src\Logic\Messages\MessagePrimarySpell.h">
      <Filter>Messages\Header</Filter>
    </ClInclude>
    <ClInclude Include="..\..\Src\Logic\Messages\MessageSecondarySpell.h">
      <Filter>Messages\Header</Filter>
    </ClInclude>
    <ClInclude Include="..\..\Src\Logic\Entity\Components\WeaponsManager.h">
      <Filter>Entity\Components\Weapons\Managers\Header</Filter>
    </ClInclude>
    <ClInclude Include="..\..\Src\Logic\Entity\Components\WeaponsManagerClient.h">
      <Filter>Entity\Components\Weapons\Managers\Header</Filter>
    </ClInclude>
    <ClInclude Include="..\..\Src\Logic\Entity\Components\WeaponType.h">
      <Filter>Entity\Components\Weapons</Filter>
    </ClInclude>
    <ClInclude Include="..\..\Src\Logic\Messages\MessageAddSpell.h">
      <Filter>Messages\Header</Filter>
    </ClInclude>
    <ClInclude Include="..\..\Src\Logic\Maps\TeamFaction.h">
      <Filter>Maps\Header Files</Filter>
    </ClInclude>
    <ClInclude Include="..\..\Src\Logic\Entity\Components\ScreamerShieldController.h">
      <Filter>Entity\Components\Skills\Header</Filter>
    </ClInclude>
    <ClInclude Include="..\..\Src\Logic\Messages\MessageSetOwner.h">
      <Filter>Messages\Header</Filter>
    </ClInclude>
    <ClInclude Include="..\..\Src\Logic\Entity\Components\Hud.h">
      <Filter>Entity\Components\Graphics\Header</Filter>
    </ClInclude>
    <ClInclude Include="..\..\Src\Logic\Messages\MessageHud.h">
      <Filter>Messages\Header</Filter>
    </ClInclude>
    <ClInclude Include="..\..\Src\Logic\Entity\Components\Ragdoll.h">
      <Filter>Entity\Components\Physics\Header</Filter>
    </ClInclude>
    <ClInclude Include="..\..\Src\Logic\Entity\Components\AmplifyDamageServer.h">
      <Filter>Entity\Components\Spells\Cast\Header</Filter>
    </ClInclude>
    <ClInclude Include="..\..\Src\Logic\Entity\Components\ShieldServer.h">
      <Filter>Entity\Components\Spells\Cast\Header</Filter>
    </ClInclude>
    <ClInclude Include="..\..\Src\Logic\Entity\Components\ComeBackServer.h">
      <Filter>Entity\Components\Spells\Cast\Header</Filter>
    </ClInclude>
    <ClInclude Include="..\..\Src\Logic\Entity\Components\CoolDownServer.h">
      <Filter>Entity\Components\Spells\Cast\Header</Filter>
    </ClInclude>
    <ClInclude Include="..\..\Src\Logic\Entity\Components\GravityServer.h">
      <Filter>Entity\Components\Spells\Cast\Header</Filter>
    </ClInclude>
    <ClInclude Include="..\..\Src\Logic\Entity\Components\HardDeathServer.h">
      <Filter>Entity\Components\Spells\Cast\Header</Filter>
    </ClInclude>
    <ClInclude Include="..\..\Src\Logic\Entity\Components\ResurrectionServer.h">
      <Filter>Entity\Components\Spells\Cast\Header</Filter>
    </ClInclude>
    <ClInclude Include="..\..\Src\Logic\Entity\Components\ComeBackClient.h">
      <Filter>Entity\Components\Spells\Feedback\Header</Filter>
    </ClInclude>
    <ClInclude Include="..\..\Src\Logic\Entity\Components\CoolDownClient.h">
      <Filter>Entity\Components\Spells\Feedback\Header</Filter>
    </ClInclude>
    <ClInclude Include="..\..\Src\Logic\Entity\Components\GravityClient.h">
      <Filter>Entity\Components\Spells\Feedback\Header</Filter>
    </ClInclude>
    <ClInclude Include="..\..\Src\Logic\Entity\Components\HardDeathClient.h">
      <Filter>Entity\Components\Spells\Feedback\Header</Filter>
    </ClInclude>
    <ClInclude Include="..\..\Src\Logic\Entity\Components\ResurrectionClient.h">
      <Filter>Entity\Components\Spells\Feedback\Header</Filter>
    </ClInclude>
    <ClInclude Include="..\..\Src\Logic\Entity\Components\ShieldClient.h">
      <Filter>Entity\Components\Spells\Feedback\Header</Filter>
    </ClInclude>
    <ClInclude Include="..\..\Src\Logic\Entity\Components\Spell.h">
      <Filter>Entity\Components\Spells</Filter>
    </ClInclude>
    <ClInclude Include="..\..\Src\Logic\Entity\Components\AmplifyDamageClient.h">
      <Filter>Entity\Components\Spells\Feedback\Header</Filter>
    </ClInclude>
    <ClInclude Include="..\..\Src\Logic\Entity\Components\HungryClient.h">
      <Filter>Entity\Components\Spells\Feedback\Header</Filter>
    </ClInclude>
    <ClInclude Include="..\..\Src\Logic\Entity\Components\HungryServer.h">
      <Filter>Entity\Components\Spells\Cast\Header</Filter>
    </ClInclude>
    <ClInclude Include="..\..\Src\Logic\Entity\Components\ShieldSpellController.h">
      <Filter>Entity\Components\Spells\Cast\Header</Filter>
    </ClInclude>
    <ClInclude Include="..\..\Src\Logic\Entity\Components\SpellsManagerClient.h">
      <Filter>Entity\Components\Spells\Manager\Header</Filter>
    </ClInclude>
    <ClInclude Include="..\..\Src\Logic\Entity\Components\SpellsManagerServer.h">
      <Filter>Entity\Components\Spells\Manager\Header</Filter>
    </ClInclude>
    <ClInclude Include="..\..\Src\Logic\Messages\MessageSpellHungry.h">
      <Filter>Messages\Header</Filter>
    </ClInclude>
    <ClInclude Include="..\..\Src\Logic\Maps\PreloadResourceManager.h">
      <Filter>Maps\Header Files</Filter>
    </ClInclude>
    <ClInclude Include="..\..\Src\Logic\Entity\Components\GraphicPlane.h">
      <Filter>Entity\Components\Graphics\Header</Filter>
    </ClInclude>
    <ClInclude Include="..\..\Src\Logic\LightManager.h">
      <Filter>Maps\Header Files</Filter>
    </ClInclude>
    <ClInclude Include="..\..\Src\Logic\Entity\Components\PhysicStaticCompound.h">
      <Filter>Entity\Components\Physics\Header</Filter>
    </ClInclude>
    <ClInclude Include="..\..\Src\Logic\Entity\Components\DynamicLight.h">
      <Filter>Entity\Components\Graphics\Header</Filter>
    </ClInclude>
    <ClInclude Include="..\..\Src\Logic\Messages\MessageBlockShoot.h">
      <Filter>Messages\Header</Filter>
    </ClInclude>
    <ClInclude Include="..\..\Src\Logic\Entity\Components\Bite.h">
      <Filter>Entity\Components\Skills\Header</Filter>
    </ClInclude>
    <ClInclude Include="..\..\Src\Logic\Entity\Components\CharacterSound.h">
      <Filter>Entity\Components\Audio\Header</Filter>
    </ClInclude>
    <ClInclude Include="..\..\Src\Logic\Entity\Components\StaticAudio.h">
      <Filter>Entity\Components\Audio\Header</Filter>
    </ClInclude>
    <ClInclude Include="..\..\Src\Logic\Entity\Components\AudioTrigger.h">
      <Filter>Entity\Components\Audio\Header</Filter>
    </ClInclude>
    <ClInclude Include="..\..\Src\Logic\Entity\Components\CharacterName.h">
      <Filter>Entity\Components\Graphics\Header</Filter>
    </ClInclude>
    <ClInclude Include="..\..\Src\Logic\Entity\Components\EnemyInSight.h">
      <Filter>Entity\Components\Graphics\Header</Filter>
    </ClInclude>
    <ClInclude Include="..\..\Src\Logic\Entity\Components\ParticleSystem.h">
      <Filter>Entity\Components\Graphics\Header</Filter>
    </ClInclude>
    <ClInclude Include="..\..\Src\Logic\Entity\Components\KillStreak.h">
      <Filter>Entity\Components\Gameplay\Header</Filter>
    </ClInclude>
  </ItemGroup>
</Project>